// !$*UTF8*$!
{
	archiveVersion = 1;
	classes = {
	};
	objectVersion = 54;
	objects = {

/* Begin PBXBuildFile section */
		1498D2341E8E89220040F4C2 /* GeneratedPluginRegistrant.m in Sources */ = {isa = PBXBuildFile; fileRef = 1498D2331E8E89220040F4C2 /* GeneratedPluginRegistrant.m */; };
		35FF043D7F3045DFAB119BE8 /* Pods_Runner.framework in Frameworks */ = {isa = PBXBuildFile; fileRef = 43BA63B6D367FB95B66288B8 /* Pods_Runner.framework */; };
		3B3967161E833CAA004F5970 /* AppFrameworkInfo.plist in Resources */ = {isa = PBXBuildFile; fileRef = 3B3967151E833CAA004F5970 /* AppFrameworkInfo.plist */; };
		74858FAF1ED2DC5600515810 /* AppDelegate.swift in Sources */ = {isa = PBXBuildFile; fileRef = 74858FAE1ED2DC5600515810 /* AppDelegate.swift */; };
		976B2E732CB0435287011F8B /* GoogleService-Info.plist in Resources */ = {isa = PBXBuildFile; fileRef = 61A6365C79F8589DFA46995E /* GoogleService-Info.plist */; };
		97C146FC1CF9000F007C117D /* Main.storyboard in Resources */ = {isa = PBXBuildFile; fileRef = 97C146FA1CF9000F007C117D /* Main.storyboard */; };
		97C146FE1CF9000F007C117D /* Assets.xcassets in Resources */ = {isa = PBXBuildFile; fileRef = 97C146FD1CF9000F007C117D /* Assets.xcassets */; };
		97C147011CF9000F007C117D /* LaunchScreen.storyboard in Resources */ = {isa = PBXBuildFile; fileRef = 97C146FF1CF9000F007C117D /* LaunchScreen.storyboard */; };
		D33B25E82B9DE12200392237 /* BackgroundIntentWidget.swift in Sources */ = {isa = PBXBuildFile; fileRef = D35D70952B95DA3300F9C455 /* BackgroundIntentWidget.swift */; };
		D35D70372B92F94600F9C455 /* WidgetKit.framework in Frameworks */ = {isa = PBXBuildFile; fileRef = D3E8A2C62B8D9C44008184DD /* WidgetKit.framework */; };
		D35D70382B92F94600F9C455 /* SwiftUI.framework in Frameworks */ = {isa = PBXBuildFile; fileRef = D3E8A2C82B8D9C44008184DD /* SwiftUI.framework */; };
		D35D703B2B92F94600F9C455 /* todoWidgetBundle.swift in Sources */ = {isa = PBXBuildFile; fileRef = D35D703A2B92F94600F9C455 /* todoWidgetBundle.swift */; };
		D35D703D2B92F94600F9C455 /* todoWidget.swift in Sources */ = {isa = PBXBuildFile; fileRef = D35D703C2B92F94600F9C455 /* todoWidget.swift */; };
		D35D703F2B92F94A00F9C455 /* Assets.xcassets in Resources */ = {isa = PBXBuildFile; fileRef = D35D703E2B92F94A00F9C455 /* Assets.xcassets */; };
		D35D70432B92F94A00F9C455 /* todoWidgetExtension.appex in Embed Foundation Extensions */ = {isa = PBXBuildFile; fileRef = D35D70362B92F94600F9C455 /* todoWidgetExtension.appex */; settings = {ATTRIBUTES = (RemoveHeadersOnCopy, ); }; };
		D35D704A2B92FD9600F9C455 /* TextCell.swift in Sources */ = {isa = PBXBuildFile; fileRef = D35D70492B92FD9600F9C455 /* TextCell.swift */; };
		D35D704B2B92FD9600F9C455 /* TextCell.swift in Sources */ = {isa = PBXBuildFile; fileRef = D35D70492B92FD9600F9C455 /* TextCell.swift */; };
		D35D704C2B92FD9600F9C455 /* TextCell.swift in Sources */ = {isa = PBXBuildFile; fileRef = D35D70492B92FD9600F9C455 /* TextCell.swift */; };
		D35D704E2B92FEC100F9C455 /* SecondaryCell.swift in Sources */ = {isa = PBXBuildFile; fileRef = D35D704D2B92FEC100F9C455 /* SecondaryCell.swift */; };
		D35D704F2B92FEC100F9C455 /* SecondaryCell.swift in Sources */ = {isa = PBXBuildFile; fileRef = D35D704D2B92FEC100F9C455 /* SecondaryCell.swift */; };
		D35D70502B92FEC100F9C455 /* SecondaryCell.swift in Sources */ = {isa = PBXBuildFile; fileRef = D35D704D2B92FEC100F9C455 /* SecondaryCell.swift */; };
		D35D70522B9306C000F9C455 /* EmptyCell.swift in Sources */ = {isa = PBXBuildFile; fileRef = D35D70512B9306C000F9C455 /* EmptyCell.swift */; };
		D35D70532B9306C000F9C455 /* EmptyCell.swift in Sources */ = {isa = PBXBuildFile; fileRef = D35D70512B9306C000F9C455 /* EmptyCell.swift */; };
		D35D70542B9306C000F9C455 /* EmptyCell.swift in Sources */ = {isa = PBXBuildFile; fileRef = D35D70512B9306C000F9C455 /* EmptyCell.swift */; };
		D35D70562B9307AA00F9C455 /* SvgTextCell.swift in Sources */ = {isa = PBXBuildFile; fileRef = D35D70552B9307AA00F9C455 /* SvgTextCell.swift */; };
		D35D70572B9307AA00F9C455 /* SvgTextCell.swift in Sources */ = {isa = PBXBuildFile; fileRef = D35D70552B9307AA00F9C455 /* SvgTextCell.swift */; };
		D35D70582B9307AA00F9C455 /* SvgTextCell.swift in Sources */ = {isa = PBXBuildFile; fileRef = D35D70552B9307AA00F9C455 /* SvgTextCell.swift */; };
		D35D705B2B93097400F9C455 /* BackgroundWidget.swift in Sources */ = {isa = PBXBuildFile; fileRef = D35D705A2B93097400F9C455 /* BackgroundWidget.swift */; };
		D35D705C2B93097400F9C455 /* BackgroundWidget.swift in Sources */ = {isa = PBXBuildFile; fileRef = D35D705A2B93097400F9C455 /* BackgroundWidget.swift */; };
		D35D705D2B93097400F9C455 /* BackgroundWidget.swift in Sources */ = {isa = PBXBuildFile; fileRef = D35D705A2B93097400F9C455 /* BackgroundWidget.swift */; };
		D35D705F2B93105400F9C455 /* HeaderCell.swift in Sources */ = {isa = PBXBuildFile; fileRef = D35D705E2B93105400F9C455 /* HeaderCell.swift */; };
		D35D70602B93105400F9C455 /* HeaderCell.swift in Sources */ = {isa = PBXBuildFile; fileRef = D35D705E2B93105400F9C455 /* HeaderCell.swift */; };
		D35D70612B93105400F9C455 /* HeaderCell.swift in Sources */ = {isa = PBXBuildFile; fileRef = D35D705E2B93105400F9C455 /* HeaderCell.swift */; };
		D35D70632B93162100F9C455 /* IconTextCell.swift in Sources */ = {isa = PBXBuildFile; fileRef = D35D70622B93162100F9C455 /* IconTextCell.swift */; };
		D35D70642B93162100F9C455 /* IconTextCell.swift in Sources */ = {isa = PBXBuildFile; fileRef = D35D70622B93162100F9C455 /* IconTextCell.swift */; };
		D35D70652B93162100F9C455 /* IconTextCell.swift in Sources */ = {isa = PBXBuildFile; fileRef = D35D70622B93162100F9C455 /* IconTextCell.swift */; };
		D35D70682B94401000F9C455 /* colors.swift in Sources */ = {isa = PBXBuildFile; fileRef = D35D70672B94401000F9C455 /* colors.swift */; };
		D35D70692B94401000F9C455 /* colors.swift in Sources */ = {isa = PBXBuildFile; fileRef = D35D70672B94401000F9C455 /* colors.swift */; };
		D35D706A2B94401000F9C455 /* colors.swift in Sources */ = {isa = PBXBuildFile; fileRef = D35D70672B94401000F9C455 /* colors.swift */; };
		D35D706C2B94472F00F9C455 /* icons.swift in Sources */ = {isa = PBXBuildFile; fileRef = D35D706B2B94472F00F9C455 /* icons.swift */; };
		D35D706D2B94472F00F9C455 /* icons.swift in Sources */ = {isa = PBXBuildFile; fileRef = D35D706B2B94472F00F9C455 /* icons.swift */; };
		D35D706E2B94472F00F9C455 /* icons.swift in Sources */ = {isa = PBXBuildFile; fileRef = D35D706B2B94472F00F9C455 /* icons.swift */; };
		D35D70712B94AEEB00F9C455 /* func.swift in Sources */ = {isa = PBXBuildFile; fileRef = D35D70702B94AEEB00F9C455 /* func.swift */; };
		D35D70722B94AEEB00F9C455 /* func.swift in Sources */ = {isa = PBXBuildFile; fileRef = D35D70702B94AEEB00F9C455 /* func.swift */; };
		D35D70732B94AEEB00F9C455 /* func.swift in Sources */ = {isa = PBXBuildFile; fileRef = D35D70702B94AEEB00F9C455 /* func.swift */; };
		D35D707A2B959F3E00F9C455 /* WidgetKit.framework in Frameworks */ = {isa = PBXBuildFile; fileRef = D3E8A2C62B8D9C44008184DD /* WidgetKit.framework */; };
		D35D707B2B959F3E00F9C455 /* SwiftUI.framework in Frameworks */ = {isa = PBXBuildFile; fileRef = D3E8A2C82B8D9C44008184DD /* SwiftUI.framework */; };
		D35D707E2B959F3F00F9C455 /* GoalWidgetBundle.swift in Sources */ = {isa = PBXBuildFile; fileRef = D35D707D2B959F3F00F9C455 /* GoalWidgetBundle.swift */; };
		D35D70802B959F3F00F9C455 /* GoalWidget.swift in Sources */ = {isa = PBXBuildFile; fileRef = D35D707F2B959F3F00F9C455 /* GoalWidget.swift */; };
		D35D70822B959F4200F9C455 /* Assets.xcassets in Resources */ = {isa = PBXBuildFile; fileRef = D35D70812B959F4200F9C455 /* Assets.xcassets */; };
		D35D70862B959F4200F9C455 /* GoalWidgetExtension.appex in Embed Foundation Extensions */ = {isa = PBXBuildFile; fileRef = D35D70792B959F3E00F9C455 /* GoalWidgetExtension.appex */; settings = {ATTRIBUTES = (RemoveHeadersOnCopy, ); }; };
		D35D708B2B95AE4200F9C455 /* BackgroundWidget.swift in Sources */ = {isa = PBXBuildFile; fileRef = D35D705A2B93097400F9C455 /* BackgroundWidget.swift */; };
		D35D708C2B95B41700F9C455 /* HeaderCell.swift in Sources */ = {isa = PBXBuildFile; fileRef = D35D705E2B93105400F9C455 /* HeaderCell.swift */; };
		D35D708D2B95B5F600F9C455 /* TextCell.swift in Sources */ = {isa = PBXBuildFile; fileRef = D35D70492B92FD9600F9C455 /* TextCell.swift */; };
		D35D708E2B95B60300F9C455 /* icons.swift in Sources */ = {isa = PBXBuildFile; fileRef = D35D706B2B94472F00F9C455 /* icons.swift */; };
		D35D708F2B95B60500F9C455 /* colors.swift in Sources */ = {isa = PBXBuildFile; fileRef = D35D70672B94401000F9C455 /* colors.swift */; };
		D35D70902B95B60D00F9C455 /* SecondaryCell.swift in Sources */ = {isa = PBXBuildFile; fileRef = D35D704D2B92FEC100F9C455 /* SecondaryCell.swift */; };
		D35D70912B95B60F00F9C455 /* EmptyCell.swift in Sources */ = {isa = PBXBuildFile; fileRef = D35D70512B9306C000F9C455 /* EmptyCell.swift */; };
		D35D70922B95B61100F9C455 /* SvgTextCell.swift in Sources */ = {isa = PBXBuildFile; fileRef = D35D70552B9307AA00F9C455 /* SvgTextCell.swift */; };
		D35D70932B95B61700F9C455 /* IconTextCell.swift in Sources */ = {isa = PBXBuildFile; fileRef = D35D70622B93162100F9C455 /* IconTextCell.swift */; };
		D35D70972B95DA3300F9C455 /* BackgroundIntentWidget.swift in Sources */ = {isa = PBXBuildFile; fileRef = D35D70952B95DA3300F9C455 /* BackgroundIntentWidget.swift */; };
		D35D70982B95DA3300F9C455 /* BackgroundIntentWidget.swift in Sources */ = {isa = PBXBuildFile; fileRef = D35D70952B95DA3300F9C455 /* BackgroundIntentWidget.swift */; };
		D35D70992B95DA3300F9C455 /* BackgroundIntentWidget.swift in Sources */ = {isa = PBXBuildFile; fileRef = D35D70952B95DA3300F9C455 /* BackgroundIntentWidget.swift */; };
		D35D709B2B95DF3100F9C455 /* vars.swift in Sources */ = {isa = PBXBuildFile; fileRef = D35D709A2B95DF3100F9C455 /* vars.swift */; };
		D35D709C2B95DF3100F9C455 /* vars.swift in Sources */ = {isa = PBXBuildFile; fileRef = D35D709A2B95DF3100F9C455 /* vars.swift */; };
		D35D709D2B95DF3100F9C455 /* vars.swift in Sources */ = {isa = PBXBuildFile; fileRef = D35D709A2B95DF3100F9C455 /* vars.swift */; };
		D35D709E2B95DF3100F9C455 /* vars.swift in Sources */ = {isa = PBXBuildFile; fileRef = D35D709A2B95DF3100F9C455 /* vars.swift */; };
		D35D70A12B96CF7300F9C455 /* IconCell.swift in Sources */ = {isa = PBXBuildFile; fileRef = D35D70A02B96CF7300F9C455 /* IconCell.swift */; };
		D35D70A22B96CF7300F9C455 /* IconCell.swift in Sources */ = {isa = PBXBuildFile; fileRef = D35D70A02B96CF7300F9C455 /* IconCell.swift */; };
		D35D70A32B96CF7300F9C455 /* IconCell.swift in Sources */ = {isa = PBXBuildFile; fileRef = D35D70A02B96CF7300F9C455 /* IconCell.swift */; };
		D35D70A42B96CF7300F9C455 /* IconCell.swift in Sources */ = {isa = PBXBuildFile; fileRef = D35D70A02B96CF7300F9C455 /* IconCell.swift */; };
		D35D70AB2B96D8BE00F9C455 /* func.swift in Sources */ = {isa = PBXBuildFile; fileRef = D35D70702B94AEEB00F9C455 /* func.swift */; };
		D3E8A3582B91C2BF008184DD /* WidgetKit.framework in Frameworks */ = {isa = PBXBuildFile; fileRef = D3E8A2C62B8D9C44008184DD /* WidgetKit.framework */; };
		D3E8A3592B91C2BF008184DD /* SwiftUI.framework in Frameworks */ = {isa = PBXBuildFile; fileRef = D3E8A2C82B8D9C44008184DD /* SwiftUI.framework */; };
		D3E8A35C2B91C2C0008184DD /* weightMateWidgetBundle.swift in Sources */ = {isa = PBXBuildFile; fileRef = D3E8A35B2B91C2C0008184DD /* weightMateWidgetBundle.swift */; };
		D3E8A35E2B91C2C0008184DD /* weightMateWidget.swift in Sources */ = {isa = PBXBuildFile; fileRef = D3E8A35D2B91C2C0008184DD /* weightMateWidget.swift */; };
		D3E8A3602B91C2C3008184DD /* Assets.xcassets in Resources */ = {isa = PBXBuildFile; fileRef = D3E8A35F2B91C2C3008184DD /* Assets.xcassets */; };
		D3E8A3642B91C2C4008184DD /* weightMateWidgetExtension.appex in Embed Foundation Extensions */ = {isa = PBXBuildFile; fileRef = D3E8A3572B91C2BF008184DD /* weightMateWidgetExtension.appex */; settings = {ATTRIBUTES = (RemoveHeadersOnCopy, ); }; };
		D3E8A36D2B91F91A008184DD /* Assets.xcassets in Resources */ = {isa = PBXBuildFile; fileRef = D3E8A35F2B91C2C3008184DD /* Assets.xcassets */; };
		D3F098E72B73196A00CBF52B /* InfoPlist.strings in Resources */ = {isa = PBXBuildFile; fileRef = D3F098E92B73196A00CBF52B /* InfoPlist.strings */; };
/* End PBXBuildFile section */

/* Begin PBXContainerItemProxy section */
		D35D70412B92F94A00F9C455 /* PBXContainerItemProxy */ = {
			isa = PBXContainerItemProxy;
			containerPortal = 97C146E61CF9000F007C117D /* Project object */;
			proxyType = 1;
			remoteGlobalIDString = D35D70352B92F94600F9C455;
			remoteInfo = todoWidgetExtension;
		};
		D35D70842B959F4200F9C455 /* PBXContainerItemProxy */ = {
			isa = PBXContainerItemProxy;
			containerPortal = 97C146E61CF9000F007C117D /* Project object */;
			proxyType = 1;
			remoteGlobalIDString = D35D70782B959F3E00F9C455;
			remoteInfo = GoalWidgetExtension;
		};
		D3E8A3622B91C2C4008184DD /* PBXContainerItemProxy */ = {
			isa = PBXContainerItemProxy;
			containerPortal = 97C146E61CF9000F007C117D /* Project object */;
			proxyType = 1;
			remoteGlobalIDString = D3E8A3562B91C2BF008184DD;
			remoteInfo = weightMateWidgetExtension;
		};
/* End PBXContainerItemProxy section */

/* Begin PBXCopyFilesBuildPhase section */
		9705A1C41CF9048500538489 /* Embed Frameworks */ = {
			isa = PBXCopyFilesBuildPhase;
			buildActionMask = 2147483647;
			dstPath = "";
			dstSubfolderSpec = 10;
			files = (
			);
			name = "Embed Frameworks";
			runOnlyForDeploymentPostprocessing = 0;
		};
		D3E8A2D52B8D9C48008184DD /* Embed Foundation Extensions */ = {
			isa = PBXCopyFilesBuildPhase;
			buildActionMask = 2147483647;
			dstPath = "";
			dstSubfolderSpec = 13;
			files = (
				D35D70432B92F94A00F9C455 /* todoWidgetExtension.appex in Embed Foundation Extensions */,
				D35D70862B959F4200F9C455 /* GoalWidgetExtension.appex in Embed Foundation Extensions */,
				D3E8A3642B91C2C4008184DD /* weightMateWidgetExtension.appex in Embed Foundation Extensions */,
			);
			name = "Embed Foundation Extensions";
			runOnlyForDeploymentPostprocessing = 0;
		};
/* End PBXCopyFilesBuildPhase section */

/* Begin PBXFileReference section */
		1498D2321E8E86230040F4C2 /* GeneratedPluginRegistrant.h */ = {isa = PBXFileReference; lastKnownFileType = sourcecode.c.h; path = GeneratedPluginRegistrant.h; sourceTree = "<group>"; };
		1498D2331E8E89220040F4C2 /* GeneratedPluginRegistrant.m */ = {isa = PBXFileReference; fileEncoding = 4; lastKnownFileType = sourcecode.c.objc; path = GeneratedPluginRegistrant.m; sourceTree = "<group>"; };
		23952CD8DA089003227C3871 /* Pods-Runner.profile.xcconfig */ = {isa = PBXFileReference; includeInIndex = 1; lastKnownFileType = text.xcconfig; name = "Pods-Runner.profile.xcconfig"; path = "Target Support Files/Pods-Runner/Pods-Runner.profile.xcconfig"; sourceTree = "<group>"; };
		2996402B7D8401F6D55B4542 /* Pods-Runner.release.xcconfig */ = {isa = PBXFileReference; includeInIndex = 1; lastKnownFileType = text.xcconfig; name = "Pods-Runner.release.xcconfig"; path = "Target Support Files/Pods-Runner/Pods-Runner.release.xcconfig"; sourceTree = "<group>"; };
		3B3967151E833CAA004F5970 /* AppFrameworkInfo.plist */ = {isa = PBXFileReference; fileEncoding = 4; lastKnownFileType = text.plist.xml; name = AppFrameworkInfo.plist; path = Flutter/AppFrameworkInfo.plist; sourceTree = "<group>"; };
		43BA63B6D367FB95B66288B8 /* Pods_Runner.framework */ = {isa = PBXFileReference; explicitFileType = wrapper.framework; includeInIndex = 0; path = Pods_Runner.framework; sourceTree = BUILT_PRODUCTS_DIR; };
		61A6365C79F8589DFA46995E /* GoogleService-Info.plist */ = {isa = PBXFileReference; includeInIndex = 1; lastKnownFileType = text.plist.xml; name = "GoogleService-Info.plist"; path = "Runner/GoogleService-Info.plist"; sourceTree = "<group>"; };
		66CF38DD7074A8841E9392B5 /* Pods-Runner.debug.xcconfig */ = {isa = PBXFileReference; includeInIndex = 1; lastKnownFileType = text.xcconfig; name = "Pods-Runner.debug.xcconfig"; path = "Target Support Files/Pods-Runner/Pods-Runner.debug.xcconfig"; sourceTree = "<group>"; };
		74858FAD1ED2DC5600515810 /* Runner-Bridging-Header.h */ = {isa = PBXFileReference; lastKnownFileType = sourcecode.c.h; path = "Runner-Bridging-Header.h"; sourceTree = "<group>"; };
		74858FAE1ED2DC5600515810 /* AppDelegate.swift */ = {isa = PBXFileReference; fileEncoding = 4; lastKnownFileType = sourcecode.swift; path = AppDelegate.swift; sourceTree = "<group>"; };
		7AFA3C8E1D35360C0083082E /* Release.xcconfig */ = {isa = PBXFileReference; lastKnownFileType = text.xcconfig; name = Release.xcconfig; path = Flutter/Release.xcconfig; sourceTree = "<group>"; };
		9740EEB21CF90195004384FC /* Debug.xcconfig */ = {isa = PBXFileReference; fileEncoding = 4; lastKnownFileType = text.xcconfig; name = Debug.xcconfig; path = Flutter/Debug.xcconfig; sourceTree = "<group>"; };
		9740EEB31CF90195004384FC /* Generated.xcconfig */ = {isa = PBXFileReference; fileEncoding = 4; lastKnownFileType = text.xcconfig; name = Generated.xcconfig; path = Flutter/Generated.xcconfig; sourceTree = "<group>"; };
		97C146EE1CF9000F007C117D /* Runner.app */ = {isa = PBXFileReference; explicitFileType = wrapper.application; includeInIndex = 0; path = Runner.app; sourceTree = BUILT_PRODUCTS_DIR; };
		97C146FB1CF9000F007C117D /* Base */ = {isa = PBXFileReference; lastKnownFileType = file.storyboard; name = Base; path = Base.lproj/Main.storyboard; sourceTree = "<group>"; };
		97C146FD1CF9000F007C117D /* Assets.xcassets */ = {isa = PBXFileReference; lastKnownFileType = folder.assetcatalog; path = Assets.xcassets; sourceTree = "<group>"; };
		97C147001CF9000F007C117D /* Base */ = {isa = PBXFileReference; lastKnownFileType = file.storyboard; name = Base; path = Base.lproj/LaunchScreen.storyboard; sourceTree = "<group>"; };
		97C147021CF9000F007C117D /* Info.plist */ = {isa = PBXFileReference; lastKnownFileType = text.plist.xml; path = Info.plist; sourceTree = "<group>"; };
		D35D70362B92F94600F9C455 /* todoWidgetExtension.appex */ = {isa = PBXFileReference; explicitFileType = "wrapper.app-extension"; includeInIndex = 0; path = todoWidgetExtension.appex; sourceTree = BUILT_PRODUCTS_DIR; };
		D35D703A2B92F94600F9C455 /* todoWidgetBundle.swift */ = {isa = PBXFileReference; lastKnownFileType = sourcecode.swift; path = todoWidgetBundle.swift; sourceTree = "<group>"; };
		D35D703C2B92F94600F9C455 /* todoWidget.swift */ = {isa = PBXFileReference; lastKnownFileType = sourcecode.swift; path = todoWidget.swift; sourceTree = "<group>"; };
		D35D703E2B92F94A00F9C455 /* Assets.xcassets */ = {isa = PBXFileReference; lastKnownFileType = folder.assetcatalog; path = Assets.xcassets; sourceTree = "<group>"; };
		D35D70402B92F94A00F9C455 /* Info.plist */ = {isa = PBXFileReference; lastKnownFileType = text.plist.xml; path = Info.plist; sourceTree = "<group>"; };
		D35D70492B92FD9600F9C455 /* TextCell.swift */ = {isa = PBXFileReference; lastKnownFileType = sourcecode.swift; path = TextCell.swift; sourceTree = "<group>"; };
		D35D704D2B92FEC100F9C455 /* SecondaryCell.swift */ = {isa = PBXFileReference; lastKnownFileType = sourcecode.swift; path = SecondaryCell.swift; sourceTree = "<group>"; };
		D35D70512B9306C000F9C455 /* EmptyCell.swift */ = {isa = PBXFileReference; lastKnownFileType = sourcecode.swift; path = EmptyCell.swift; sourceTree = "<group>"; };
		D35D70552B9307AA00F9C455 /* SvgTextCell.swift */ = {isa = PBXFileReference; lastKnownFileType = sourcecode.swift; path = SvgTextCell.swift; sourceTree = "<group>"; };
		D35D705A2B93097400F9C455 /* BackgroundWidget.swift */ = {isa = PBXFileReference; lastKnownFileType = sourcecode.swift; path = BackgroundWidget.swift; sourceTree = "<group>"; };
		D35D705E2B93105400F9C455 /* HeaderCell.swift */ = {isa = PBXFileReference; lastKnownFileType = sourcecode.swift; path = HeaderCell.swift; sourceTree = "<group>"; };
		D35D70622B93162100F9C455 /* IconTextCell.swift */ = {isa = PBXFileReference; lastKnownFileType = sourcecode.swift; path = IconTextCell.swift; sourceTree = "<group>"; };
		D35D70672B94401000F9C455 /* colors.swift */ = {isa = PBXFileReference; lastKnownFileType = sourcecode.swift; path = colors.swift; sourceTree = "<group>"; };
		D35D706B2B94472F00F9C455 /* icons.swift */ = {isa = PBXFileReference; lastKnownFileType = sourcecode.swift; path = icons.swift; sourceTree = "<group>"; };
		D35D70702B94AEEB00F9C455 /* func.swift */ = {isa = PBXFileReference; lastKnownFileType = sourcecode.swift; path = func.swift; sourceTree = "<group>"; };
		D35D70792B959F3E00F9C455 /* GoalWidgetExtension.appex */ = {isa = PBXFileReference; explicitFileType = "wrapper.app-extension"; includeInIndex = 0; path = GoalWidgetExtension.appex; sourceTree = BUILT_PRODUCTS_DIR; };
		D35D707D2B959F3F00F9C455 /* GoalWidgetBundle.swift */ = {isa = PBXFileReference; lastKnownFileType = sourcecode.swift; path = GoalWidgetBundle.swift; sourceTree = "<group>"; };
		D35D707F2B959F3F00F9C455 /* GoalWidget.swift */ = {isa = PBXFileReference; lastKnownFileType = sourcecode.swift; path = GoalWidget.swift; sourceTree = "<group>"; };
		D35D70812B959F4200F9C455 /* Assets.xcassets */ = {isa = PBXFileReference; lastKnownFileType = folder.assetcatalog; path = Assets.xcassets; sourceTree = "<group>"; };
		D35D70832B959F4200F9C455 /* Info.plist */ = {isa = PBXFileReference; lastKnownFileType = text.plist.xml; path = Info.plist; sourceTree = "<group>"; };
		D35D70952B95DA3300F9C455 /* BackgroundIntentWidget.swift */ = {isa = PBXFileReference; lastKnownFileType = sourcecode.swift; path = BackgroundIntentWidget.swift; sourceTree = "<group>"; };
		D35D709A2B95DF3100F9C455 /* vars.swift */ = {isa = PBXFileReference; lastKnownFileType = sourcecode.swift; path = vars.swift; sourceTree = "<group>"; };
		D35D70A02B96CF7300F9C455 /* IconCell.swift */ = {isa = PBXFileReference; lastKnownFileType = sourcecode.swift; path = IconCell.swift; sourceTree = "<group>"; };
		D35D70B12B986F9400F9C455 /* todoWidgetExtension.entitlements */ = {isa = PBXFileReference; lastKnownFileType = text.plist.entitlements; path = todoWidgetExtension.entitlements; sourceTree = "<group>"; };
		D35D70B22B986FAF00F9C455 /* GoalWidgetExtension.entitlements */ = {isa = PBXFileReference; lastKnownFileType = text.plist.entitlements; path = GoalWidgetExtension.entitlements; sourceTree = "<group>"; };
		D3DDE3322A5D219A00C6F0FA /* Runner.entitlements */ = {isa = PBXFileReference; lastKnownFileType = text.plist.entitlements; path = Runner.entitlements; sourceTree = "<group>"; };
		D3E8A2C62B8D9C44008184DD /* WidgetKit.framework */ = {isa = PBXFileReference; lastKnownFileType = wrapper.framework; name = WidgetKit.framework; path = System/Library/Frameworks/WidgetKit.framework; sourceTree = SDKROOT; };
		D3E8A2C82B8D9C44008184DD /* SwiftUI.framework */ = {isa = PBXFileReference; lastKnownFileType = wrapper.framework; name = SwiftUI.framework; path = System/Library/Frameworks/SwiftUI.framework; sourceTree = SDKROOT; };
		D3E8A3572B91C2BF008184DD /* weightMateWidgetExtension.appex */ = {isa = PBXFileReference; explicitFileType = "wrapper.app-extension"; includeInIndex = 0; path = weightMateWidgetExtension.appex; sourceTree = BUILT_PRODUCTS_DIR; };
		D3E8A35B2B91C2C0008184DD /* weightMateWidgetBundle.swift */ = {isa = PBXFileReference; lastKnownFileType = sourcecode.swift; path = weightMateWidgetBundle.swift; sourceTree = "<group>"; };
		D3E8A35D2B91C2C0008184DD /* weightMateWidget.swift */ = {isa = PBXFileReference; lastKnownFileType = sourcecode.swift; path = weightMateWidget.swift; sourceTree = "<group>"; };
		D3E8A35F2B91C2C3008184DD /* Assets.xcassets */ = {isa = PBXFileReference; lastKnownFileType = folder.assetcatalog; path = Assets.xcassets; sourceTree = "<group>"; };
		D3E8A3612B91C2C3008184DD /* Info.plist */ = {isa = PBXFileReference; lastKnownFileType = text.plist.xml; path = Info.plist; sourceTree = "<group>"; };
		D3E8A3692B91C2F7008184DD /* weightMateWidgetExtension.entitlements */ = {isa = PBXFileReference; lastKnownFileType = text.plist.entitlements; path = weightMateWidgetExtension.entitlements; sourceTree = "<group>"; };
		D3F098E82B73196A00CBF52B /* en */ = {isa = PBXFileReference; lastKnownFileType = text.plist.strings; name = en; path = en.lproj/InfoPlist.strings; sourceTree = "<group>"; };
		D3F098EC2B731EEA00CBF52B /* ko */ = {isa = PBXFileReference; lastKnownFileType = text.plist.strings; name = ko; path = ko.lproj/InfoPlist.strings; sourceTree = "<group>"; };
		D3F098ED2B731F5500CBF52B /* ja */ = {isa = PBXFileReference; lastKnownFileType = text.plist.strings; name = ja; path = ja.lproj/InfoPlist.strings; sourceTree = "<group>"; };
/* End PBXFileReference section */

/* Begin PBXFrameworksBuildPhase section */
		97C146EB1CF9000F007C117D /* Frameworks */ = {
			isa = PBXFrameworksBuildPhase;
			buildActionMask = 2147483647;
			files = (
				35FF043D7F3045DFAB119BE8 /* Pods_Runner.framework in Frameworks */,
			);
			runOnlyForDeploymentPostprocessing = 0;
		};
		D35D70332B92F94600F9C455 /* Frameworks */ = {
			isa = PBXFrameworksBuildPhase;
			buildActionMask = 2147483647;
			files = (
				D35D70382B92F94600F9C455 /* SwiftUI.framework in Frameworks */,
				D35D70372B92F94600F9C455 /* WidgetKit.framework in Frameworks */,
			);
			runOnlyForDeploymentPostprocessing = 0;
		};
		D35D70762B959F3E00F9C455 /* Frameworks */ = {
			isa = PBXFrameworksBuildPhase;
			buildActionMask = 2147483647;
			files = (
				D35D707B2B959F3E00F9C455 /* SwiftUI.framework in Frameworks */,
				D35D707A2B959F3E00F9C455 /* WidgetKit.framework in Frameworks */,
			);
			runOnlyForDeploymentPostprocessing = 0;
		};
		D3E8A3542B91C2BF008184DD /* Frameworks */ = {
			isa = PBXFrameworksBuildPhase;
			buildActionMask = 2147483647;
			files = (
				D3E8A3592B91C2BF008184DD /* SwiftUI.framework in Frameworks */,
				D3E8A3582B91C2BF008184DD /* WidgetKit.framework in Frameworks */,
			);
			runOnlyForDeploymentPostprocessing = 0;
		};
/* End PBXFrameworksBuildPhase section */

/* Begin PBXGroup section */
		526DE376AC297F172D0CB66C /* Frameworks */ = {
			isa = PBXGroup;
			children = (
				D3E8A2C62B8D9C44008184DD /* WidgetKit.framework */,
				D3E8A2C82B8D9C44008184DD /* SwiftUI.framework */,
				43BA63B6D367FB95B66288B8 /* Pods_Runner.framework */,
			);
			name = Frameworks;
			sourceTree = "<group>";
		};
		9740EEB11CF90186004384FC /* Flutter */ = {
			isa = PBXGroup;
			children = (
				3B3967151E833CAA004F5970 /* AppFrameworkInfo.plist */,
				9740EEB21CF90195004384FC /* Debug.xcconfig */,
				7AFA3C8E1D35360C0083082E /* Release.xcconfig */,
				9740EEB31CF90195004384FC /* Generated.xcconfig */,
			);
			name = Flutter;
			sourceTree = "<group>";
		};
		97C146E51CF9000F007C117D = {
			isa = PBXGroup;
			children = (
				D35D70B22B986FAF00F9C455 /* GoalWidgetExtension.entitlements */,
				D35D70B12B986F9400F9C455 /* todoWidgetExtension.entitlements */,
				D35D706F2B94AED200F9C455 /* CommonFunc */,
				D35D70662B943FDF00F9C455 /* CommonVariable */,
				D35D70592B93094200F9C455 /* CommonWIdget */,
				D3E8A3692B91C2F7008184DD /* weightMateWidgetExtension.entitlements */,
				D35D70482B92FD3D00F9C455 /* CommonCell */,
				9740EEB11CF90186004384FC /* Flutter */,
				97C146F01CF9000F007C117D /* Runner */,
				D3E8A35A2B91C2BF008184DD /* weightMateWidget */,
				D35D70392B92F94600F9C455 /* todoWidget */,
				D35D707C2B959F3F00F9C455 /* goalWidget */,
				97C146EF1CF9000F007C117D /* Products */,
				F0141A8D50CADE5A1C278A6C /* Pods */,
				61A6365C79F8589DFA46995E /* GoogleService-Info.plist */,
				526DE376AC297F172D0CB66C /* Frameworks */,
			);
			sourceTree = "<group>";
		};
		97C146EF1CF9000F007C117D /* Products */ = {
			isa = PBXGroup;
			children = (
				97C146EE1CF9000F007C117D /* Runner.app */,
				D3E8A3572B91C2BF008184DD /* weightMateWidgetExtension.appex */,
				D35D70362B92F94600F9C455 /* todoWidgetExtension.appex */,
				D35D70792B959F3E00F9C455 /* GoalWidgetExtension.appex */,
			);
			name = Products;
			sourceTree = "<group>";
		};
		97C146F01CF9000F007C117D /* Runner */ = {
			isa = PBXGroup;
			children = (
				D3DDE3322A5D219A00C6F0FA /* Runner.entitlements */,
				97C146FA1CF9000F007C117D /* Main.storyboard */,
				97C146FD1CF9000F007C117D /* Assets.xcassets */,
				97C146FF1CF9000F007C117D /* LaunchScreen.storyboard */,
				97C147021CF9000F007C117D /* Info.plist */,
				D3F098E92B73196A00CBF52B /* InfoPlist.strings */,
				1498D2321E8E86230040F4C2 /* GeneratedPluginRegistrant.h */,
				1498D2331E8E89220040F4C2 /* GeneratedPluginRegistrant.m */,
				74858FAE1ED2DC5600515810 /* AppDelegate.swift */,
				74858FAD1ED2DC5600515810 /* Runner-Bridging-Header.h */,
			);
			path = Runner;
			sourceTree = "<group>";
		};
		D35D70392B92F94600F9C455 /* todoWidget */ = {
			isa = PBXGroup;
			children = (
				D35D703A2B92F94600F9C455 /* todoWidgetBundle.swift */,
				D35D703C2B92F94600F9C455 /* todoWidget.swift */,
				D35D703E2B92F94A00F9C455 /* Assets.xcassets */,
				D35D70402B92F94A00F9C455 /* Info.plist */,
			);
			path = todoWidget;
			sourceTree = "<group>";
		};
		D35D70482B92FD3D00F9C455 /* CommonCell */ = {
			isa = PBXGroup;
			children = (
				D35D70492B92FD9600F9C455 /* TextCell.swift */,
				D35D704D2B92FEC100F9C455 /* SecondaryCell.swift */,
				D35D70512B9306C000F9C455 /* EmptyCell.swift */,
				D35D70552B9307AA00F9C455 /* SvgTextCell.swift */,
				D35D705E2B93105400F9C455 /* HeaderCell.swift */,
				D35D70622B93162100F9C455 /* IconTextCell.swift */,
				D35D70A02B96CF7300F9C455 /* IconCell.swift */,
			);
			path = CommonCell;
			sourceTree = "<group>";
		};
		D35D70592B93094200F9C455 /* CommonWIdget */ = {
			isa = PBXGroup;
			children = (
				D35D705A2B93097400F9C455 /* BackgroundWidget.swift */,
				D35D70952B95DA3300F9C455 /* BackgroundIntentWidget.swift */,
			);
			path = CommonWIdget;
			sourceTree = "<group>";
		};
		D35D70662B943FDF00F9C455 /* CommonVariable */ = {
			isa = PBXGroup;
			children = (
				D35D70672B94401000F9C455 /* colors.swift */,
				D35D706B2B94472F00F9C455 /* icons.swift */,
				D35D709A2B95DF3100F9C455 /* vars.swift */,
			);
			path = CommonVariable;
			sourceTree = "<group>";
		};
		D35D706F2B94AED200F9C455 /* CommonFunc */ = {
			isa = PBXGroup;
			children = (
				D35D70702B94AEEB00F9C455 /* func.swift */,
			);
			path = CommonFunc;
			sourceTree = "<group>";
		};
		D35D707C2B959F3F00F9C455 /* goalWidget */ = {
			isa = PBXGroup;
			children = (
				D35D707D2B959F3F00F9C455 /* GoalWidgetBundle.swift */,
				D35D707F2B959F3F00F9C455 /* GoalWidget.swift */,
				D35D70812B959F4200F9C455 /* Assets.xcassets */,
				D35D70832B959F4200F9C455 /* Info.plist */,
			);
			path = goalWidget;
			sourceTree = "<group>";
		};
		D3E8A35A2B91C2BF008184DD /* weightMateWidget */ = {
			isa = PBXGroup;
			children = (
				D3E8A35B2B91C2C0008184DD /* weightMateWidgetBundle.swift */,
				D3E8A35D2B91C2C0008184DD /* weightMateWidget.swift */,
				D3E8A35F2B91C2C3008184DD /* Assets.xcassets */,
				D3E8A3612B91C2C3008184DD /* Info.plist */,
			);
			path = weightMateWidget;
			sourceTree = "<group>";
		};
		F0141A8D50CADE5A1C278A6C /* Pods */ = {
			isa = PBXGroup;
			children = (
				66CF38DD7074A8841E9392B5 /* Pods-Runner.debug.xcconfig */,
				2996402B7D8401F6D55B4542 /* Pods-Runner.release.xcconfig */,
				23952CD8DA089003227C3871 /* Pods-Runner.profile.xcconfig */,
			);
			path = Pods;
			sourceTree = "<group>";
		};
/* End PBXGroup section */

/* Begin PBXNativeTarget section */
		97C146ED1CF9000F007C117D /* Runner */ = {
			isa = PBXNativeTarget;
			buildConfigurationList = 97C147051CF9000F007C117D /* Build configuration list for PBXNativeTarget "Runner" */;
			buildPhases = (
				2D33337F4F77F7D057F02CEE /* [CP] Check Pods Manifest.lock */,
				9740EEB61CF901F6004384FC /* Run Script */,
				97C146EA1CF9000F007C117D /* Sources */,
				97C146EB1CF9000F007C117D /* Frameworks */,
				97C146EC1CF9000F007C117D /* Resources */,
				D3E8A2D52B8D9C48008184DD /* Embed Foundation Extensions */,
				9705A1C41CF9048500538489 /* Embed Frameworks */,
				3B06AD1E1E4923F5004D2608 /* Thin Binary */,
				3208DEF36FD5664FC20FA317 /* [CP] Copy Pods Resources */,
			);
			buildRules = (
			);
			dependencies = (
				D3E8A3632B91C2C4008184DD /* PBXTargetDependency */,
				D35D70422B92F94A00F9C455 /* PBXTargetDependency */,
				D35D70852B959F4200F9C455 /* PBXTargetDependency */,
			);
			name = Runner;
			productName = Runner;
			productReference = 97C146EE1CF9000F007C117D /* Runner.app */;
			productType = "com.apple.product-type.application";
		};
		D35D70352B92F94600F9C455 /* todoWidgetExtension */ = {
			isa = PBXNativeTarget;
			buildConfigurationList = D35D70472B92F94A00F9C455 /* Build configuration list for PBXNativeTarget "todoWidgetExtension" */;
			buildPhases = (
				D35D70322B92F94600F9C455 /* Sources */,
				D35D70332B92F94600F9C455 /* Frameworks */,
				D35D70342B92F94600F9C455 /* Resources */,
			);
			buildRules = (
			);
			dependencies = (
			);
			name = todoWidgetExtension;
			productName = todoWidgetExtension;
			productReference = D35D70362B92F94600F9C455 /* todoWidgetExtension.appex */;
			productType = "com.apple.product-type.app-extension";
		};
		D35D70782B959F3E00F9C455 /* GoalWidgetExtension */ = {
			isa = PBXNativeTarget;
			buildConfigurationList = D35D70872B959F4200F9C455 /* Build configuration list for PBXNativeTarget "GoalWidgetExtension" */;
			buildPhases = (
				D35D70752B959F3E00F9C455 /* Sources */,
				D35D70762B959F3E00F9C455 /* Frameworks */,
				D35D70772B959F3E00F9C455 /* Resources */,
			);
			buildRules = (
			);
			dependencies = (
			);
			name = GoalWidgetExtension;
			productName = GoalWidgetExtension;
			productReference = D35D70792B959F3E00F9C455 /* GoalWidgetExtension.appex */;
			productType = "com.apple.product-type.app-extension";
		};
		D3E8A3562B91C2BF008184DD /* weightMateWidgetExtension */ = {
			isa = PBXNativeTarget;
			buildConfigurationList = D3E8A3652B91C2C4008184DD /* Build configuration list for PBXNativeTarget "weightMateWidgetExtension" */;
			buildPhases = (
				D3E8A3532B91C2BF008184DD /* Sources */,
				D3E8A3542B91C2BF008184DD /* Frameworks */,
				D3E8A3552B91C2BF008184DD /* Resources */,
			);
			buildRules = (
			);
			dependencies = (
			);
			name = weightMateWidgetExtension;
			productName = weightMateWidgetExtension;
			productReference = D3E8A3572B91C2BF008184DD /* weightMateWidgetExtension.appex */;
			productType = "com.apple.product-type.app-extension";
		};
/* End PBXNativeTarget section */

/* Begin PBXProject section */
		97C146E61CF9000F007C117D /* Project object */ = {
			isa = PBXProject;
			attributes = {
				LastSwiftUpdateCheck = 1520;
				LastUpgradeCheck = 1510;
				ORGANIZATIONNAME = "";
				TargetAttributes = {
					97C146ED1CF9000F007C117D = {
						CreatedOnToolsVersion = 7.3.1;
						LastSwiftMigration = 1100;
					};
					D35D70352B92F94600F9C455 = {
						CreatedOnToolsVersion = 15.2;
					};
					D35D70782B959F3E00F9C455 = {
						CreatedOnToolsVersion = 15.2;
					};
					D3E8A3562B91C2BF008184DD = {
						CreatedOnToolsVersion = 15.2;
					};
				};
			};
			buildConfigurationList = 97C146E91CF9000F007C117D /* Build configuration list for PBXProject "Runner" */;
			compatibilityVersion = "Xcode 9.3";
			developmentRegion = en;
			hasScannedForEncodings = 0;
			knownRegions = (
				en,
				Base,
				ko,
				ja,
			);
			mainGroup = 97C146E51CF9000F007C117D;
			productRefGroup = 97C146EF1CF9000F007C117D /* Products */;
			projectDirPath = "";
			projectRoot = "";
			targets = (
				97C146ED1CF9000F007C117D /* Runner */,
				D3E8A3562B91C2BF008184DD /* weightMateWidgetExtension */,
				D35D70352B92F94600F9C455 /* todoWidgetExtension */,
				D35D70782B959F3E00F9C455 /* GoalWidgetExtension */,
			);
		};
/* End PBXProject section */

/* Begin PBXResourcesBuildPhase section */
		97C146EC1CF9000F007C117D /* Resources */ = {
			isa = PBXResourcesBuildPhase;
			buildActionMask = 2147483647;
			files = (
				97C147011CF9000F007C117D /* LaunchScreen.storyboard in Resources */,
				D3F098E72B73196A00CBF52B /* InfoPlist.strings in Resources */,
				3B3967161E833CAA004F5970 /* AppFrameworkInfo.plist in Resources */,
				97C146FE1CF9000F007C117D /* Assets.xcassets in Resources */,
				D3E8A36D2B91F91A008184DD /* Assets.xcassets in Resources */,
				97C146FC1CF9000F007C117D /* Main.storyboard in Resources */,
				976B2E732CB0435287011F8B /* GoogleService-Info.plist in Resources */,
			);
			runOnlyForDeploymentPostprocessing = 0;
		};
		D35D70342B92F94600F9C455 /* Resources */ = {
			isa = PBXResourcesBuildPhase;
			buildActionMask = 2147483647;
			files = (
				D35D703F2B92F94A00F9C455 /* Assets.xcassets in Resources */,
			);
			runOnlyForDeploymentPostprocessing = 0;
		};
		D35D70772B959F3E00F9C455 /* Resources */ = {
			isa = PBXResourcesBuildPhase;
			buildActionMask = 2147483647;
			files = (
				D35D70822B959F4200F9C455 /* Assets.xcassets in Resources */,
			);
			runOnlyForDeploymentPostprocessing = 0;
		};
		D3E8A3552B91C2BF008184DD /* Resources */ = {
			isa = PBXResourcesBuildPhase;
			buildActionMask = 2147483647;
			files = (
				D3E8A3602B91C2C3008184DD /* Assets.xcassets in Resources */,
			);
			runOnlyForDeploymentPostprocessing = 0;
		};
/* End PBXResourcesBuildPhase section */

/* Begin PBXShellScriptBuildPhase section */
		2D33337F4F77F7D057F02CEE /* [CP] Check Pods Manifest.lock */ = {
			isa = PBXShellScriptBuildPhase;
			buildActionMask = 2147483647;
			files = (
			);
			inputFileListPaths = (
			);
			inputPaths = (
				"${PODS_PODFILE_DIR_PATH}/Podfile.lock",
				"${PODS_ROOT}/Manifest.lock",
			);
			name = "[CP] Check Pods Manifest.lock";
			outputFileListPaths = (
			);
			outputPaths = (
				"$(DERIVED_FILE_DIR)/Pods-Runner-checkManifestLockResult.txt",
			);
			runOnlyForDeploymentPostprocessing = 0;
			shellPath = /bin/sh;
			shellScript = "diff \"${PODS_PODFILE_DIR_PATH}/Podfile.lock\" \"${PODS_ROOT}/Manifest.lock\" > /dev/null\nif [ $? != 0 ] ; then\n    # print error to STDERR\n    echo \"error: The sandbox is not in sync with the Podfile.lock. Run 'pod install' or update your CocoaPods installation.\" >&2\n    exit 1\nfi\n# This output is used by Xcode 'outputs' to avoid re-running this script phase.\necho \"SUCCESS\" > \"${SCRIPT_OUTPUT_FILE_0}\"\n";
			showEnvVarsInLog = 0;
		};
		3208DEF36FD5664FC20FA317 /* [CP] Copy Pods Resources */ = {
			isa = PBXShellScriptBuildPhase;
			buildActionMask = 2147483647;
			files = (
			);
			inputFileListPaths = (
				"${PODS_ROOT}/Target Support Files/Pods-Runner/Pods-Runner-resources-${CONFIGURATION}-input-files.xcfilelist",
			);
			name = "[CP] Copy Pods Resources";
			outputFileListPaths = (
				"${PODS_ROOT}/Target Support Files/Pods-Runner/Pods-Runner-resources-${CONFIGURATION}-output-files.xcfilelist",
			);
			runOnlyForDeploymentPostprocessing = 0;
			shellPath = /bin/sh;
			shellScript = "\"${PODS_ROOT}/Target Support Files/Pods-Runner/Pods-Runner-resources.sh\"\n";
			showEnvVarsInLog = 0;
		};
		3B06AD1E1E4923F5004D2608 /* Thin Binary */ = {
			isa = PBXShellScriptBuildPhase;
			alwaysOutOfDate = 1;
			buildActionMask = 2147483647;
			files = (
			);
			inputPaths = (
				"${TARGET_BUILD_DIR}/${INFOPLIST_PATH}",
			);
			name = "Thin Binary";
			outputPaths = (
			);
			runOnlyForDeploymentPostprocessing = 0;
			shellPath = /bin/sh;
			shellScript = "/bin/sh \"$FLUTTER_ROOT/packages/flutter_tools/bin/xcode_backend.sh\" embed_and_thin";
		};
		9740EEB61CF901F6004384FC /* Run Script */ = {
			isa = PBXShellScriptBuildPhase;
			alwaysOutOfDate = 1;
			buildActionMask = 2147483647;
			files = (
			);
			inputPaths = (
			);
			name = "Run Script";
			outputPaths = (
			);
			runOnlyForDeploymentPostprocessing = 0;
			shellPath = /bin/sh;
			shellScript = "/bin/sh \"$FLUTTER_ROOT/packages/flutter_tools/bin/xcode_backend.sh\" build\n";
		};
/* End PBXShellScriptBuildPhase section */

/* Begin PBXSourcesBuildPhase section */
		97C146EA1CF9000F007C117D /* Sources */ = {
			isa = PBXSourcesBuildPhase;
			buildActionMask = 2147483647;
			files = (
				74858FAF1ED2DC5600515810 /* AppDelegate.swift in Sources */,
				D35D704A2B92FD9600F9C455 /* TextCell.swift in Sources */,
				D35D70632B93162100F9C455 /* IconTextCell.swift in Sources */,
				D35D70682B94401000F9C455 /* colors.swift in Sources */,
				D35D704E2B92FEC100F9C455 /* SecondaryCell.swift in Sources */,
				D35D70712B94AEEB00F9C455 /* func.swift in Sources */,
				1498D2341E8E89220040F4C2 /* GeneratedPluginRegistrant.m in Sources */,
				D35D705F2B93105400F9C455 /* HeaderCell.swift in Sources */,
				D35D70522B9306C000F9C455 /* EmptyCell.swift in Sources */,
				D33B25E82B9DE12200392237 /* BackgroundIntentWidget.swift in Sources */,
				D35D705B2B93097400F9C455 /* BackgroundWidget.swift in Sources */,
				D35D70A12B96CF7300F9C455 /* IconCell.swift in Sources */,
				D35D70562B9307AA00F9C455 /* SvgTextCell.swift in Sources */,
				D35D706C2B94472F00F9C455 /* icons.swift in Sources */,
				D35D709B2B95DF3100F9C455 /* vars.swift in Sources */,
			);
			runOnlyForDeploymentPostprocessing = 0;
		};
		D35D70322B92F94600F9C455 /* Sources */ = {
			isa = PBXSourcesBuildPhase;
			buildActionMask = 2147483647;
			files = (
				D35D70982B95DA3300F9C455 /* BackgroundIntentWidget.swift in Sources */,
				D35D703B2B92F94600F9C455 /* todoWidgetBundle.swift in Sources */,
				D35D704C2B92FD9600F9C455 /* TextCell.swift in Sources */,
				D35D70652B93162100F9C455 /* IconTextCell.swift in Sources */,
				D35D706A2B94401000F9C455 /* colors.swift in Sources */,
				D35D70502B92FEC100F9C455 /* SecondaryCell.swift in Sources */,
				D35D70732B94AEEB00F9C455 /* func.swift in Sources */,
				D35D703D2B92F94600F9C455 /* todoWidget.swift in Sources */,
				D35D70612B93105400F9C455 /* HeaderCell.swift in Sources */,
				D35D70542B9306C000F9C455 /* EmptyCell.swift in Sources */,
				D35D705D2B93097400F9C455 /* BackgroundWidget.swift in Sources */,
				D35D70A32B96CF7300F9C455 /* IconCell.swift in Sources */,
				D35D70582B9307AA00F9C455 /* SvgTextCell.swift in Sources */,
				D35D706E2B94472F00F9C455 /* icons.swift in Sources */,
				D35D709D2B95DF3100F9C455 /* vars.swift in Sources */,
			);
			runOnlyForDeploymentPostprocessing = 0;
		};
		D35D70752B959F3E00F9C455 /* Sources */ = {
			isa = PBXSourcesBuildPhase;
			buildActionMask = 2147483647;
			files = (
				D35D708E2B95B60300F9C455 /* icons.swift in Sources */,
				D35D708D2B95B5F600F9C455 /* TextCell.swift in Sources */,
				D35D708F2B95B60500F9C455 /* colors.swift in Sources */,
				D35D708C2B95B41700F9C455 /* HeaderCell.swift in Sources */,
				D35D708B2B95AE4200F9C455 /* BackgroundWidget.swift in Sources */,
				D35D70AB2B96D8BE00F9C455 /* func.swift in Sources */,
				D35D709E2B95DF3100F9C455 /* vars.swift in Sources */,
				D35D70802B959F3F00F9C455 /* GoalWidget.swift in Sources */,
				D35D70902B95B60D00F9C455 /* SecondaryCell.swift in Sources */,
				D35D70A42B96CF7300F9C455 /* IconCell.swift in Sources */,
				D35D70922B95B61100F9C455 /* SvgTextCell.swift in Sources */,
				D35D707E2B959F3F00F9C455 /* GoalWidgetBundle.swift in Sources */,
				D35D70912B95B60F00F9C455 /* EmptyCell.swift in Sources */,
				D35D70932B95B61700F9C455 /* IconTextCell.swift in Sources */,
				D35D70992B95DA3300F9C455 /* BackgroundIntentWidget.swift in Sources */,
			);
			runOnlyForDeploymentPostprocessing = 0;
		};
		D3E8A3532B91C2BF008184DD /* Sources */ = {
			isa = PBXSourcesBuildPhase;
			buildActionMask = 2147483647;
			files = (
				D35D70972B95DA3300F9C455 /* BackgroundIntentWidget.swift in Sources */,
				D3E8A35E2B91C2C0008184DD /* weightMateWidget.swift in Sources */,
				D35D704B2B92FD9600F9C455 /* TextCell.swift in Sources */,
				D35D70642B93162100F9C455 /* IconTextCell.swift in Sources */,
				D35D70692B94401000F9C455 /* colors.swift in Sources */,
				D35D704F2B92FEC100F9C455 /* SecondaryCell.swift in Sources */,
				D35D70722B94AEEB00F9C455 /* func.swift in Sources */,
				D3E8A35C2B91C2C0008184DD /* weightMateWidgetBundle.swift in Sources */,
				D35D70602B93105400F9C455 /* HeaderCell.swift in Sources */,
				D35D70532B9306C000F9C455 /* EmptyCell.swift in Sources */,
				D35D705C2B93097400F9C455 /* BackgroundWidget.swift in Sources */,
				D35D70A22B96CF7300F9C455 /* IconCell.swift in Sources */,
				D35D70572B9307AA00F9C455 /* SvgTextCell.swift in Sources */,
				D35D706D2B94472F00F9C455 /* icons.swift in Sources */,
				D35D709C2B95DF3100F9C455 /* vars.swift in Sources */,
			);
			runOnlyForDeploymentPostprocessing = 0;
		};
/* End PBXSourcesBuildPhase section */

/* Begin PBXTargetDependency section */
		D35D70422B92F94A00F9C455 /* PBXTargetDependency */ = {
			isa = PBXTargetDependency;
			target = D35D70352B92F94600F9C455 /* todoWidgetExtension */;
			targetProxy = D35D70412B92F94A00F9C455 /* PBXContainerItemProxy */;
		};
		D35D70852B959F4200F9C455 /* PBXTargetDependency */ = {
			isa = PBXTargetDependency;
			target = D35D70782B959F3E00F9C455 /* GoalWidgetExtension */;
			targetProxy = D35D70842B959F4200F9C455 /* PBXContainerItemProxy */;
		};
		D3E8A3632B91C2C4008184DD /* PBXTargetDependency */ = {
			isa = PBXTargetDependency;
			target = D3E8A3562B91C2BF008184DD /* weightMateWidgetExtension */;
			targetProxy = D3E8A3622B91C2C4008184DD /* PBXContainerItemProxy */;
		};
/* End PBXTargetDependency section */

/* Begin PBXVariantGroup section */
		97C146FA1CF9000F007C117D /* Main.storyboard */ = {
			isa = PBXVariantGroup;
			children = (
				97C146FB1CF9000F007C117D /* Base */,
			);
			name = Main.storyboard;
			sourceTree = "<group>";
		};
		97C146FF1CF9000F007C117D /* LaunchScreen.storyboard */ = {
			isa = PBXVariantGroup;
			children = (
				97C147001CF9000F007C117D /* Base */,
			);
			name = LaunchScreen.storyboard;
			sourceTree = "<group>";
		};
		D3F098E92B73196A00CBF52B /* InfoPlist.strings */ = {
			isa = PBXVariantGroup;
			children = (
				D3F098E82B73196A00CBF52B /* en */,
				D3F098EC2B731EEA00CBF52B /* ko */,
				D3F098ED2B731F5500CBF52B /* ja */,
			);
			name = InfoPlist.strings;
			sourceTree = "<group>";
		};
/* End PBXVariantGroup section */

/* Begin XCBuildConfiguration section */
		249021D3217E4FDB00AE95B9 /* Profile */ = {
			isa = XCBuildConfiguration;
			buildSettings = {
				ALWAYS_EMBED_SWIFT_STANDARD_LIBRARIES = "$(inherited)";
				ALWAYS_SEARCH_USER_PATHS = NO;
				CLANG_ANALYZER_LOCALIZABILITY_NONLOCALIZED = YES;
				CLANG_ANALYZER_NONNULL = YES;
				CLANG_CXX_LANGUAGE_STANDARD = "gnu++0x";
				CLANG_CXX_LIBRARY = "libc++";
				CLANG_ENABLE_MODULES = YES;
				CLANG_ENABLE_OBJC_ARC = YES;
				CLANG_WARN_BLOCK_CAPTURE_AUTORELEASING = YES;
				CLANG_WARN_BOOL_CONVERSION = YES;
				CLANG_WARN_COMMA = YES;
				CLANG_WARN_CONSTANT_CONVERSION = YES;
				CLANG_WARN_DEPRECATED_OBJC_IMPLEMENTATIONS = YES;
				CLANG_WARN_DIRECT_OBJC_ISA_USAGE = YES_ERROR;
				CLANG_WARN_EMPTY_BODY = YES;
				CLANG_WARN_ENUM_CONVERSION = YES;
				CLANG_WARN_INFINITE_RECURSION = YES;
				CLANG_WARN_INT_CONVERSION = YES;
				CLANG_WARN_NON_LITERAL_NULL_CONVERSION = YES;
				CLANG_WARN_OBJC_IMPLICIT_RETAIN_SELF = YES;
				CLANG_WARN_OBJC_LITERAL_CONVERSION = YES;
				CLANG_WARN_OBJC_ROOT_CLASS = YES_ERROR;
				CLANG_WARN_RANGE_LOOP_ANALYSIS = YES;
				CLANG_WARN_STRICT_PROTOTYPES = YES;
				CLANG_WARN_SUSPICIOUS_MOVE = YES;
				CLANG_WARN_UNREACHABLE_CODE = YES;
				CLANG_WARN__DUPLICATE_METHOD_MATCH = YES;
				"CODE_SIGN_IDENTITY[sdk=iphoneos*]" = "iPhone Developer";
				COPY_PHASE_STRIP = NO;
				DEBUG_INFORMATION_FORMAT = "dwarf-with-dsym";
				ENABLE_NS_ASSERTIONS = NO;
				ENABLE_STRICT_OBJC_MSGSEND = YES;
				GCC_C_LANGUAGE_STANDARD = gnu99;
				GCC_NO_COMMON_BLOCKS = YES;
				GCC_WARN_64_TO_32_BIT_CONVERSION = YES;
				GCC_WARN_ABOUT_RETURN_TYPE = YES_ERROR;
				GCC_WARN_UNDECLARED_SELECTOR = YES;
				GCC_WARN_UNINITIALIZED_AUTOS = YES_AGGRESSIVE;
				GCC_WARN_UNUSED_FUNCTION = YES;
				GCC_WARN_UNUSED_VARIABLE = YES;
				IPHONEOS_DEPLOYMENT_TARGET = "하지만";
				MTL_ENABLE_DEBUG_INFO = NO;
				SDKROOT = iphoneos;
				SUPPORTED_PLATFORMS = iphoneos;
				TARGETED_DEVICE_FAMILY = "1,2";
				VALIDATE_PRODUCT = YES;
			};
			name = Profile;
		};
		249021D4217E4FDB00AE95B9 /* Profile */ = {
			isa = XCBuildConfiguration;
			baseConfigurationReference = 7AFA3C8E1D35360C0083082E /* Release.xcconfig */;
			buildSettings = {
				ALWAYS_EMBED_SWIFT_STANDARD_LIBRARIES = "$(inherited)";
				ASSETCATALOG_COMPILER_APPICON_NAME = AppIcon;
				CLANG_ENABLE_MODULES = YES;
				CODE_SIGN_ENTITLEMENTS = Runner/Runner.entitlements;
				CODE_SIGN_IDENTITY = "Apple Development";
				CODE_SIGN_STYLE = Automatic;
				CURRENT_PROJECT_VERSION = 6;
				DEVELOPMENT_TEAM = WLJ373955X;
				ENABLE_BITCODE = NO;
				INFOPLIST_FILE = Runner/Info.plist;
				INFOPLIST_KEY_CFBundleDisplayName = "체중 메이트";
				INFOPLIST_KEY_LSApplicationCategoryType = "public.app-category.healthcare-fitness";
				IPHONEOS_DEPLOYMENT_TARGET = 17.2;
				LD_RUNPATH_SEARCH_PATHS = (
					"$(inherited)",
					"@executable_path/Frameworks",
				);
				MARKETING_VERSION = 1.0.5;
				PRODUCT_BUNDLE_IDENTIFIER = com.kthdd.weightMate;
				PRODUCT_NAME = "$(TARGET_NAME)";
				PROVISIONING_PROFILE_SPECIFIER = "";
				SUPPORTED_PLATFORMS = "iphoneos iphonesimulator";
				SUPPORTS_MACCATALYST = NO;
				SUPPORTS_MAC_DESIGNED_FOR_IPHONE_IPAD = NO;
				SUPPORTS_XR_DESIGNED_FOR_IPHONE_IPAD = NO;
				SWIFT_OBJC_BRIDGING_HEADER = "Runner/Runner-Bridging-Header.h";
				SWIFT_VERSION = 5.0;
				TARGETED_DEVICE_FAMILY = "1,2";
				VERSIONING_SYSTEM = "apple-generic";
			};
			name = Profile;
		};
		97C147031CF9000F007C117D /* Debug */ = {
			isa = XCBuildConfiguration;
			buildSettings = {
				ALWAYS_EMBED_SWIFT_STANDARD_LIBRARIES = "$(inherited)";
				ALWAYS_SEARCH_USER_PATHS = NO;
				CLANG_ANALYZER_LOCALIZABILITY_NONLOCALIZED = YES;
				CLANG_ANALYZER_NONNULL = YES;
				CLANG_CXX_LANGUAGE_STANDARD = "gnu++0x";
				CLANG_CXX_LIBRARY = "libc++";
				CLANG_ENABLE_MODULES = YES;
				CLANG_ENABLE_OBJC_ARC = YES;
				CLANG_WARN_BLOCK_CAPTURE_AUTORELEASING = YES;
				CLANG_WARN_BOOL_CONVERSION = YES;
				CLANG_WARN_COMMA = YES;
				CLANG_WARN_CONSTANT_CONVERSION = YES;
				CLANG_WARN_DEPRECATED_OBJC_IMPLEMENTATIONS = YES;
				CLANG_WARN_DIRECT_OBJC_ISA_USAGE = YES_ERROR;
				CLANG_WARN_EMPTY_BODY = YES;
				CLANG_WARN_ENUM_CONVERSION = YES;
				CLANG_WARN_INFINITE_RECURSION = YES;
				CLANG_WARN_INT_CONVERSION = YES;
				CLANG_WARN_NON_LITERAL_NULL_CONVERSION = YES;
				CLANG_WARN_OBJC_IMPLICIT_RETAIN_SELF = YES;
				CLANG_WARN_OBJC_LITERAL_CONVERSION = YES;
				CLANG_WARN_OBJC_ROOT_CLASS = YES_ERROR;
				CLANG_WARN_RANGE_LOOP_ANALYSIS = YES;
				CLANG_WARN_STRICT_PROTOTYPES = YES;
				CLANG_WARN_SUSPICIOUS_MOVE = YES;
				CLANG_WARN_UNREACHABLE_CODE = YES;
				CLANG_WARN__DUPLICATE_METHOD_MATCH = YES;
				"CODE_SIGN_IDENTITY[sdk=iphoneos*]" = "iPhone Developer";
				COPY_PHASE_STRIP = NO;
				DEBUG_INFORMATION_FORMAT = dwarf;
				ENABLE_STRICT_OBJC_MSGSEND = YES;
				ENABLE_TESTABILITY = YES;
				GCC_C_LANGUAGE_STANDARD = gnu99;
				GCC_DYNAMIC_NO_PIC = NO;
				GCC_NO_COMMON_BLOCKS = YES;
				GCC_OPTIMIZATION_LEVEL = 0;
				GCC_PREPROCESSOR_DEFINITIONS = (
					"DEBUG=1",
					"$(inherited)",
				);
				GCC_WARN_64_TO_32_BIT_CONVERSION = YES;
				GCC_WARN_ABOUT_RETURN_TYPE = YES_ERROR;
				GCC_WARN_UNDECLARED_SELECTOR = YES;
				GCC_WARN_UNINITIALIZED_AUTOS = YES_AGGRESSIVE;
				GCC_WARN_UNUSED_FUNCTION = YES;
				GCC_WARN_UNUSED_VARIABLE = YES;
				IPHONEOS_DEPLOYMENT_TARGET = "하지만";
				MTL_ENABLE_DEBUG_INFO = YES;
				ONLY_ACTIVE_ARCH = YES;
				SDKROOT = iphoneos;
				TARGETED_DEVICE_FAMILY = "1,2";
			};
			name = Debug;
		};
		97C147041CF9000F007C117D /* Release */ = {
			isa = XCBuildConfiguration;
			buildSettings = {
				ALWAYS_EMBED_SWIFT_STANDARD_LIBRARIES = "$(inherited)";
				ALWAYS_SEARCH_USER_PATHS = NO;
				CLANG_ANALYZER_LOCALIZABILITY_NONLOCALIZED = YES;
				CLANG_ANALYZER_NONNULL = YES;
				CLANG_CXX_LANGUAGE_STANDARD = "gnu++0x";
				CLANG_CXX_LIBRARY = "libc++";
				CLANG_ENABLE_MODULES = YES;
				CLANG_ENABLE_OBJC_ARC = YES;
				CLANG_WARN_BLOCK_CAPTURE_AUTORELEASING = YES;
				CLANG_WARN_BOOL_CONVERSION = YES;
				CLANG_WARN_COMMA = YES;
				CLANG_WARN_CONSTANT_CONVERSION = YES;
				CLANG_WARN_DEPRECATED_OBJC_IMPLEMENTATIONS = YES;
				CLANG_WARN_DIRECT_OBJC_ISA_USAGE = YES_ERROR;
				CLANG_WARN_EMPTY_BODY = YES;
				CLANG_WARN_ENUM_CONVERSION = YES;
				CLANG_WARN_INFINITE_RECURSION = YES;
				CLANG_WARN_INT_CONVERSION = YES;
				CLANG_WARN_NON_LITERAL_NULL_CONVERSION = YES;
				CLANG_WARN_OBJC_IMPLICIT_RETAIN_SELF = YES;
				CLANG_WARN_OBJC_LITERAL_CONVERSION = YES;
				CLANG_WARN_OBJC_ROOT_CLASS = YES_ERROR;
				CLANG_WARN_RANGE_LOOP_ANALYSIS = YES;
				CLANG_WARN_STRICT_PROTOTYPES = YES;
				CLANG_WARN_SUSPICIOUS_MOVE = YES;
				CLANG_WARN_UNREACHABLE_CODE = YES;
				CLANG_WARN__DUPLICATE_METHOD_MATCH = YES;
				"CODE_SIGN_IDENTITY[sdk=iphoneos*]" = "iPhone Developer";
				COPY_PHASE_STRIP = NO;
				DEBUG_INFORMATION_FORMAT = "dwarf-with-dsym";
				ENABLE_NS_ASSERTIONS = NO;
				ENABLE_STRICT_OBJC_MSGSEND = YES;
				GCC_C_LANGUAGE_STANDARD = gnu99;
				GCC_NO_COMMON_BLOCKS = YES;
				GCC_WARN_64_TO_32_BIT_CONVERSION = YES;
				GCC_WARN_ABOUT_RETURN_TYPE = YES_ERROR;
				GCC_WARN_UNDECLARED_SELECTOR = YES;
				GCC_WARN_UNINITIALIZED_AUTOS = YES_AGGRESSIVE;
				GCC_WARN_UNUSED_FUNCTION = YES;
				GCC_WARN_UNUSED_VARIABLE = YES;
				IPHONEOS_DEPLOYMENT_TARGET = "하지만";
				MTL_ENABLE_DEBUG_INFO = NO;
				SDKROOT = iphoneos;
				SUPPORTED_PLATFORMS = iphoneos;
				SWIFT_COMPILATION_MODE = wholemodule;
				SWIFT_OPTIMIZATION_LEVEL = "-O";
				TARGETED_DEVICE_FAMILY = "1,2";
				VALIDATE_PRODUCT = YES;
			};
			name = Release;
		};
		97C147061CF9000F007C117D /* Debug */ = {
			isa = XCBuildConfiguration;
			baseConfigurationReference = 9740EEB21CF90195004384FC /* Debug.xcconfig */;
			buildSettings = {
				ALWAYS_EMBED_SWIFT_STANDARD_LIBRARIES = "$(inherited)";
				ASSETCATALOG_COMPILER_APPICON_NAME = AppIcon;
				CLANG_ENABLE_MODULES = YES;
				CODE_SIGN_ENTITLEMENTS = Runner/Runner.entitlements;
				CODE_SIGN_IDENTITY = "Apple Development";
				CODE_SIGN_STYLE = Automatic;
				CURRENT_PROJECT_VERSION = 6;
				DEVELOPMENT_TEAM = WLJ373955X;
				ENABLE_BITCODE = NO;
				INFOPLIST_FILE = Runner/Info.plist;
				INFOPLIST_KEY_CFBundleDisplayName = "체중 메이트";
				INFOPLIST_KEY_LSApplicationCategoryType = "public.app-category.healthcare-fitness";
				IPHONEOS_DEPLOYMENT_TARGET = 17.2;
				LD_RUNPATH_SEARCH_PATHS = (
					"$(inherited)",
					"@executable_path/Frameworks",
				);
				MARKETING_VERSION = 1.0.5;
				PRODUCT_BUNDLE_IDENTIFIER = com.kthdd.weightMate;
				PRODUCT_NAME = "$(TARGET_NAME)";
				PROVISIONING_PROFILE_SPECIFIER = "";
				SUPPORTED_PLATFORMS = "iphoneos iphonesimulator";
				SUPPORTS_MACCATALYST = NO;
				SUPPORTS_MAC_DESIGNED_FOR_IPHONE_IPAD = NO;
				SUPPORTS_XR_DESIGNED_FOR_IPHONE_IPAD = NO;
				SWIFT_OBJC_BRIDGING_HEADER = "Runner/Runner-Bridging-Header.h";
				SWIFT_OPTIMIZATION_LEVEL = "-Onone";
				SWIFT_VERSION = 5.0;
				TARGETED_DEVICE_FAMILY = "1,2";
				VERSIONING_SYSTEM = "apple-generic";
			};
			name = Debug;
		};
		97C147071CF9000F007C117D /* Release */ = {
			isa = XCBuildConfiguration;
			baseConfigurationReference = 7AFA3C8E1D35360C0083082E /* Release.xcconfig */;
			buildSettings = {
				ALWAYS_EMBED_SWIFT_STANDARD_LIBRARIES = "$(inherited)";
				ASSETCATALOG_COMPILER_APPICON_NAME = AppIcon;
				CLANG_ENABLE_MODULES = YES;
				CODE_SIGN_ENTITLEMENTS = Runner/Runner.entitlements;
				CODE_SIGN_IDENTITY = "Apple Development";
				CODE_SIGN_STYLE = Automatic;
				CURRENT_PROJECT_VERSION = 6;
				DEVELOPMENT_TEAM = WLJ373955X;
				ENABLE_BITCODE = NO;
				INFOPLIST_FILE = Runner/Info.plist;
				INFOPLIST_KEY_CFBundleDisplayName = "체중 메이트";
				INFOPLIST_KEY_LSApplicationCategoryType = "public.app-category.healthcare-fitness";
				IPHONEOS_DEPLOYMENT_TARGET = 17.2;
				LD_RUNPATH_SEARCH_PATHS = (
					"$(inherited)",
					"@executable_path/Frameworks",
				);
				MARKETING_VERSION = 1.0.5;
				PRODUCT_BUNDLE_IDENTIFIER = com.kthdd.weightMate;
				PRODUCT_NAME = "$(TARGET_NAME)";
				PROVISIONING_PROFILE_SPECIFIER = "";
				SUPPORTED_PLATFORMS = "iphoneos iphonesimulator";
				SUPPORTS_MACCATALYST = NO;
				SUPPORTS_MAC_DESIGNED_FOR_IPHONE_IPAD = NO;
				SUPPORTS_XR_DESIGNED_FOR_IPHONE_IPAD = NO;
				SWIFT_OBJC_BRIDGING_HEADER = "Runner/Runner-Bridging-Header.h";
				SWIFT_VERSION = 5.0;
				TARGETED_DEVICE_FAMILY = "1,2";
				VERSIONING_SYSTEM = "apple-generic";
			};
			name = Release;
		};
		D35D70442B92F94A00F9C455 /* Debug */ = {
			isa = XCBuildConfiguration;
			buildSettings = {
				ASSETCATALOG_COMPILER_GENERATE_SWIFT_ASSET_SYMBOL_EXTENSIONS = YES;
				ASSETCATALOG_COMPILER_GLOBAL_ACCENT_COLOR_NAME = AccentColor;
				ASSETCATALOG_COMPILER_WIDGET_BACKGROUND_COLOR_NAME = WidgetBackground;
				CLANG_ANALYZER_NUMBER_OBJECT_CONVERSION = YES_AGGRESSIVE;
				CLANG_CXX_LANGUAGE_STANDARD = "gnu++20";
				CLANG_ENABLE_OBJC_WEAK = YES;
				CLANG_WARN_DOCUMENTATION_COMMENTS = YES;
				CLANG_WARN_QUOTED_INCLUDE_IN_FRAMEWORK_HEADER = YES;
				CLANG_WARN_UNGUARDED_AVAILABILITY = YES_AGGRESSIVE;
				CODE_SIGN_ENTITLEMENTS = todoWidgetExtension.entitlements;
				CODE_SIGN_IDENTITY = "Apple Development";
				CODE_SIGN_STYLE = Automatic;
				CURRENT_PROJECT_VERSION = 1;
				DEVELOPMENT_TEAM = WLJ373955X;
				ENABLE_USER_SCRIPT_SANDBOXING = YES;
				GCC_C_LANGUAGE_STANDARD = gnu17;
				GENERATE_INFOPLIST_FILE = YES;
				INFOPLIST_FILE = todoWidget/Info.plist;
				INFOPLIST_KEY_CFBundleDisplayName = todoWidget;
				INFOPLIST_KEY_NSHumanReadableCopyright = "";
				IPHONEOS_DEPLOYMENT_TARGET = 17.2;
				LD_RUNPATH_SEARCH_PATHS = (
					"$(inherited)",
					"@executable_path/Frameworks",
					"@executable_path/../../Frameworks",
				);
				LOCALIZATION_PREFERS_STRING_CATALOGS = YES;
				MARKETING_VERSION = 1.0;
				MTL_ENABLE_DEBUG_INFO = INCLUDE_SOURCE;
				MTL_FAST_MATH = YES;
				PRODUCT_BUNDLE_IDENTIFIER = com.kthdd.weightMate.todoWidget;
				PRODUCT_NAME = "$(TARGET_NAME)";
				SKIP_INSTALL = YES;
				SWIFT_ACTIVE_COMPILATION_CONDITIONS = "DEBUG $(inherited)";
				SWIFT_EMIT_LOC_STRINGS = YES;
				SWIFT_OPTIMIZATION_LEVEL = "-Onone";
				SWIFT_VERSION = 5.0;
				TARGETED_DEVICE_FAMILY = "1,2";
			};
			name = Debug;
		};
		D35D70452B92F94A00F9C455 /* Release */ = {
			isa = XCBuildConfiguration;
			buildSettings = {
				ASSETCATALOG_COMPILER_GENERATE_SWIFT_ASSET_SYMBOL_EXTENSIONS = YES;
				ASSETCATALOG_COMPILER_GLOBAL_ACCENT_COLOR_NAME = AccentColor;
				ASSETCATALOG_COMPILER_WIDGET_BACKGROUND_COLOR_NAME = WidgetBackground;
				CLANG_ANALYZER_NUMBER_OBJECT_CONVERSION = YES_AGGRESSIVE;
				CLANG_CXX_LANGUAGE_STANDARD = "gnu++20";
				CLANG_ENABLE_OBJC_WEAK = YES;
				CLANG_WARN_DOCUMENTATION_COMMENTS = YES;
				CLANG_WARN_QUOTED_INCLUDE_IN_FRAMEWORK_HEADER = YES;
				CLANG_WARN_UNGUARDED_AVAILABILITY = YES_AGGRESSIVE;
				CODE_SIGN_ENTITLEMENTS = todoWidgetExtension.entitlements;
				CODE_SIGN_IDENTITY = "Apple Development";
				CODE_SIGN_STYLE = Automatic;
				CURRENT_PROJECT_VERSION = 1;
				DEVELOPMENT_TEAM = WLJ373955X;
				ENABLE_USER_SCRIPT_SANDBOXING = YES;
				GCC_C_LANGUAGE_STANDARD = gnu17;
				GENERATE_INFOPLIST_FILE = YES;
				INFOPLIST_FILE = todoWidget/Info.plist;
				INFOPLIST_KEY_CFBundleDisplayName = todoWidget;
				INFOPLIST_KEY_NSHumanReadableCopyright = "";
				IPHONEOS_DEPLOYMENT_TARGET = 17.2;
				LD_RUNPATH_SEARCH_PATHS = (
					"$(inherited)",
					"@executable_path/Frameworks",
					"@executable_path/../../Frameworks",
				);
				LOCALIZATION_PREFERS_STRING_CATALOGS = YES;
				MARKETING_VERSION = 1.0;
				MTL_FAST_MATH = YES;
				PRODUCT_BUNDLE_IDENTIFIER = com.kthdd.weightMate.todoWidget;
				PRODUCT_NAME = "$(TARGET_NAME)";
				SKIP_INSTALL = YES;
				SWIFT_EMIT_LOC_STRINGS = YES;
				SWIFT_VERSION = 5.0;
				TARGETED_DEVICE_FAMILY = "1,2";
			};
			name = Release;
		};
		D35D70462B92F94A00F9C455 /* Profile */ = {
			isa = XCBuildConfiguration;
			buildSettings = {
				ASSETCATALOG_COMPILER_GENERATE_SWIFT_ASSET_SYMBOL_EXTENSIONS = YES;
				ASSETCATALOG_COMPILER_GLOBAL_ACCENT_COLOR_NAME = AccentColor;
				ASSETCATALOG_COMPILER_WIDGET_BACKGROUND_COLOR_NAME = WidgetBackground;
				CLANG_ANALYZER_NUMBER_OBJECT_CONVERSION = YES_AGGRESSIVE;
				CLANG_CXX_LANGUAGE_STANDARD = "gnu++20";
				CLANG_ENABLE_OBJC_WEAK = YES;
				CLANG_WARN_DOCUMENTATION_COMMENTS = YES;
				CLANG_WARN_QUOTED_INCLUDE_IN_FRAMEWORK_HEADER = YES;
				CLANG_WARN_UNGUARDED_AVAILABILITY = YES_AGGRESSIVE;
				CODE_SIGN_ENTITLEMENTS = todoWidgetExtension.entitlements;
				CODE_SIGN_IDENTITY = "Apple Development";
				CODE_SIGN_STYLE = Automatic;
				CURRENT_PROJECT_VERSION = 1;
				DEVELOPMENT_TEAM = WLJ373955X;
				ENABLE_USER_SCRIPT_SANDBOXING = YES;
				GCC_C_LANGUAGE_STANDARD = gnu17;
				GENERATE_INFOPLIST_FILE = YES;
				INFOPLIST_FILE = todoWidget/Info.plist;
				INFOPLIST_KEY_CFBundleDisplayName = todoWidget;
				INFOPLIST_KEY_NSHumanReadableCopyright = "";
				IPHONEOS_DEPLOYMENT_TARGET = 17.2;
				LD_RUNPATH_SEARCH_PATHS = (
					"$(inherited)",
					"@executable_path/Frameworks",
					"@executable_path/../../Frameworks",
				);
				LOCALIZATION_PREFERS_STRING_CATALOGS = YES;
				MARKETING_VERSION = 1.0;
				MTL_FAST_MATH = YES;
				PRODUCT_BUNDLE_IDENTIFIER = com.kthdd.weightMate.todoWidget;
				PRODUCT_NAME = "$(TARGET_NAME)";
				SKIP_INSTALL = YES;
				SWIFT_EMIT_LOC_STRINGS = YES;
				SWIFT_VERSION = 5.0;
				TARGETED_DEVICE_FAMILY = "1,2";
			};
			name = Profile;
		};
		D35D70882B959F4200F9C455 /* Debug */ = {
			isa = XCBuildConfiguration;
			buildSettings = {
				ASSETCATALOG_COMPILER_GENERATE_SWIFT_ASSET_SYMBOL_EXTENSIONS = YES;
				ASSETCATALOG_COMPILER_GLOBAL_ACCENT_COLOR_NAME = AccentColor;
				ASSETCATALOG_COMPILER_WIDGET_BACKGROUND_COLOR_NAME = WidgetBackground;
				CLANG_ANALYZER_NUMBER_OBJECT_CONVERSION = YES_AGGRESSIVE;
				CLANG_CXX_LANGUAGE_STANDARD = "gnu++20";
				CLANG_ENABLE_OBJC_WEAK = YES;
				CLANG_WARN_DOCUMENTATION_COMMENTS = YES;
				CLANG_WARN_QUOTED_INCLUDE_IN_FRAMEWORK_HEADER = YES;
				CLANG_WARN_UNGUARDED_AVAILABILITY = YES_AGGRESSIVE;
				CODE_SIGN_ENTITLEMENTS = GoalWidgetExtension.entitlements;
				CODE_SIGN_IDENTITY = "Apple Development";
				CODE_SIGN_STYLE = Automatic;
				CURRENT_PROJECT_VERSION = 1;
				DEVELOPMENT_TEAM = WLJ373955X;
				ENABLE_USER_SCRIPT_SANDBOXING = YES;
				GCC_C_LANGUAGE_STANDARD = gnu17;
				GENERATE_INFOPLIST_FILE = YES;
				INFOPLIST_FILE = GoalWidget/Info.plist;
				INFOPLIST_KEY_CFBundleDisplayName = GoalWidget;
				INFOPLIST_KEY_NSHumanReadableCopyright = "";
				IPHONEOS_DEPLOYMENT_TARGET = 17.2;
				LD_RUNPATH_SEARCH_PATHS = (
					"$(inherited)",
					"@executable_path/Frameworks",
					"@executable_path/../../Frameworks",
				);
				LOCALIZATION_PREFERS_STRING_CATALOGS = YES;
				MARKETING_VERSION = 1.0;
				MTL_ENABLE_DEBUG_INFO = INCLUDE_SOURCE;
				MTL_FAST_MATH = YES;
				PRODUCT_BUNDLE_IDENTIFIER = com.kthdd.weightMate.GoalWidget;
				PRODUCT_NAME = "$(TARGET_NAME)";
				SKIP_INSTALL = YES;
				SWIFT_ACTIVE_COMPILATION_CONDITIONS = "DEBUG $(inherited)";
				SWIFT_EMIT_LOC_STRINGS = YES;
				SWIFT_OPTIMIZATION_LEVEL = "-Onone";
				SWIFT_VERSION = 5.0;
				TARGETED_DEVICE_FAMILY = "1,2";
			};
			name = Debug;
		};
		D35D70892B959F4200F9C455 /* Release */ = {
			isa = XCBuildConfiguration;
			buildSettings = {
				ASSETCATALOG_COMPILER_GENERATE_SWIFT_ASSET_SYMBOL_EXTENSIONS = YES;
				ASSETCATALOG_COMPILER_GLOBAL_ACCENT_COLOR_NAME = AccentColor;
				ASSETCATALOG_COMPILER_WIDGET_BACKGROUND_COLOR_NAME = WidgetBackground;
				CLANG_ANALYZER_NUMBER_OBJECT_CONVERSION = YES_AGGRESSIVE;
				CLANG_CXX_LANGUAGE_STANDARD = "gnu++20";
				CLANG_ENABLE_OBJC_WEAK = YES;
				CLANG_WARN_DOCUMENTATION_COMMENTS = YES;
				CLANG_WARN_QUOTED_INCLUDE_IN_FRAMEWORK_HEADER = YES;
				CLANG_WARN_UNGUARDED_AVAILABILITY = YES_AGGRESSIVE;
				CODE_SIGN_ENTITLEMENTS = GoalWidgetExtension.entitlements;
				CODE_SIGN_IDENTITY = "Apple Development";
				CODE_SIGN_STYLE = Automatic;
				CURRENT_PROJECT_VERSION = 1;
				DEVELOPMENT_TEAM = WLJ373955X;
				ENABLE_USER_SCRIPT_SANDBOXING = YES;
				GCC_C_LANGUAGE_STANDARD = gnu17;
				GENERATE_INFOPLIST_FILE = YES;
				INFOPLIST_FILE = GoalWidget/Info.plist;
				INFOPLIST_KEY_CFBundleDisplayName = GoalWidget;
				INFOPLIST_KEY_NSHumanReadableCopyright = "";
				IPHONEOS_DEPLOYMENT_TARGET = 17.2;
				LD_RUNPATH_SEARCH_PATHS = (
					"$(inherited)",
					"@executable_path/Frameworks",
					"@executable_path/../../Frameworks",
				);
				LOCALIZATION_PREFERS_STRING_CATALOGS = YES;
				MARKETING_VERSION = 1.0;
				MTL_FAST_MATH = YES;
				PRODUCT_BUNDLE_IDENTIFIER = com.kthdd.weightMate.GoalWidget;
				PRODUCT_NAME = "$(TARGET_NAME)";
				SKIP_INSTALL = YES;
				SWIFT_EMIT_LOC_STRINGS = YES;
				SWIFT_VERSION = 5.0;
				TARGETED_DEVICE_FAMILY = "1,2";
			};
			name = Release;
		};
		D35D708A2B959F4200F9C455 /* Profile */ = {
			isa = XCBuildConfiguration;
			buildSettings = {
				ASSETCATALOG_COMPILER_GENERATE_SWIFT_ASSET_SYMBOL_EXTENSIONS = YES;
				ASSETCATALOG_COMPILER_GLOBAL_ACCENT_COLOR_NAME = AccentColor;
				ASSETCATALOG_COMPILER_WIDGET_BACKGROUND_COLOR_NAME = WidgetBackground;
				CLANG_ANALYZER_NUMBER_OBJECT_CONVERSION = YES_AGGRESSIVE;
				CLANG_CXX_LANGUAGE_STANDARD = "gnu++20";
				CLANG_ENABLE_OBJC_WEAK = YES;
				CLANG_WARN_DOCUMENTATION_COMMENTS = YES;
				CLANG_WARN_QUOTED_INCLUDE_IN_FRAMEWORK_HEADER = YES;
				CLANG_WARN_UNGUARDED_AVAILABILITY = YES_AGGRESSIVE;
				CODE_SIGN_ENTITLEMENTS = GoalWidgetExtension.entitlements;
				CODE_SIGN_IDENTITY = "Apple Development";
				CODE_SIGN_STYLE = Automatic;
				CURRENT_PROJECT_VERSION = 1;
				DEVELOPMENT_TEAM = WLJ373955X;
				ENABLE_USER_SCRIPT_SANDBOXING = YES;
				GCC_C_LANGUAGE_STANDARD = gnu17;
				GENERATE_INFOPLIST_FILE = YES;
				INFOPLIST_FILE = GoalWidget/Info.plist;
				INFOPLIST_KEY_CFBundleDisplayName = GoalWidget;
				INFOPLIST_KEY_NSHumanReadableCopyright = "";
				IPHONEOS_DEPLOYMENT_TARGET = 17.2;
				LD_RUNPATH_SEARCH_PATHS = (
					"$(inherited)",
					"@executable_path/Frameworks",
					"@executable_path/../../Frameworks",
				);
				LOCALIZATION_PREFERS_STRING_CATALOGS = YES;
				MARKETING_VERSION = 1.0;
				MTL_FAST_MATH = YES;
				PRODUCT_BUNDLE_IDENTIFIER = com.kthdd.weightMate.GoalWidget;
				PRODUCT_NAME = "$(TARGET_NAME)";
				SKIP_INSTALL = YES;
				SWIFT_EMIT_LOC_STRINGS = YES;
				SWIFT_VERSION = 5.0;
				TARGETED_DEVICE_FAMILY = "1,2";
			};
			name = Profile;
		};
		D3E8A3662B91C2C4008184DD /* Debug */ = {
			isa = XCBuildConfiguration;
			buildSettings = {
				ASSETCATALOG_COMPILER_GENERATE_SWIFT_ASSET_SYMBOL_EXTENSIONS = YES;
				ASSETCATALOG_COMPILER_GLOBAL_ACCENT_COLOR_NAME = AccentColor;
				ASSETCATALOG_COMPILER_WIDGET_BACKGROUND_COLOR_NAME = WidgetBackground;
				CLANG_ANALYZER_NUMBER_OBJECT_CONVERSION = YES_AGGRESSIVE;
				CLANG_CXX_LANGUAGE_STANDARD = "gnu++20";
				CLANG_ENABLE_OBJC_WEAK = YES;
				CLANG_WARN_DOCUMENTATION_COMMENTS = YES;
				CLANG_WARN_QUOTED_INCLUDE_IN_FRAMEWORK_HEADER = YES;
				CLANG_WARN_UNGUARDED_AVAILABILITY = YES_AGGRESSIVE;
				CODE_SIGN_ENTITLEMENTS = weightMateWidgetExtension.entitlements;
				CODE_SIGN_IDENTITY = "Apple Development";
				CODE_SIGN_STYLE = Automatic;
				CURRENT_PROJECT_VERSION = 1;
				DEVELOPMENT_TEAM = WLJ373955X;
				ENABLE_USER_SCRIPT_SANDBOXING = YES;
				GCC_C_LANGUAGE_STANDARD = gnu17;
				GENERATE_INFOPLIST_FILE = YES;
				INFOPLIST_FILE = weightMateWidget/Info.plist;
				INFOPLIST_KEY_CFBundleDisplayName = weightMateWidget;
				INFOPLIST_KEY_NSHumanReadableCopyright = "";
				IPHONEOS_DEPLOYMENT_TARGET = 17.2;
				LD_RUNPATH_SEARCH_PATHS = (
					"$(inherited)",
					"@executable_path/Frameworks",
					"@executable_path/../../Frameworks",
				);
				LOCALIZATION_PREFERS_STRING_CATALOGS = YES;
				MARKETING_VERSION = 1.0;
				MTL_ENABLE_DEBUG_INFO = INCLUDE_SOURCE;
				MTL_FAST_MATH = YES;
				PRODUCT_BUNDLE_IDENTIFIER = com.kthdd.weightMate.weightMateWidget;
				PRODUCT_NAME = "$(TARGET_NAME)";
				SKIP_INSTALL = YES;
				SWIFT_ACTIVE_COMPILATION_CONDITIONS = "DEBUG $(inherited)";
				SWIFT_EMIT_LOC_STRINGS = YES;
				SWIFT_OPTIMIZATION_LEVEL = "-Onone";
				SWIFT_VERSION = 5.0;
				TARGETED_DEVICE_FAMILY = "1,2";
			};
			name = Debug;
		};
		D3E8A3672B91C2C4008184DD /* Release */ = {
			isa = XCBuildConfiguration;
			buildSettings = {
				ASSETCATALOG_COMPILER_GENERATE_SWIFT_ASSET_SYMBOL_EXTENSIONS = YES;
				ASSETCATALOG_COMPILER_GLOBAL_ACCENT_COLOR_NAME = AccentColor;
				ASSETCATALOG_COMPILER_WIDGET_BACKGROUND_COLOR_NAME = WidgetBackground;
				CLANG_ANALYZER_NUMBER_OBJECT_CONVERSION = YES_AGGRESSIVE;
				CLANG_CXX_LANGUAGE_STANDARD = "gnu++20";
				CLANG_ENABLE_OBJC_WEAK = YES;
				CLANG_WARN_DOCUMENTATION_COMMENTS = YES;
				CLANG_WARN_QUOTED_INCLUDE_IN_FRAMEWORK_HEADER = YES;
				CLANG_WARN_UNGUARDED_AVAILABILITY = YES_AGGRESSIVE;
				CODE_SIGN_ENTITLEMENTS = weightMateWidgetExtension.entitlements;
				CODE_SIGN_IDENTITY = "Apple Development";
				CODE_SIGN_STYLE = Automatic;
				CURRENT_PROJECT_VERSION = 1;
				DEVELOPMENT_TEAM = WLJ373955X;
				ENABLE_USER_SCRIPT_SANDBOXING = YES;
				GCC_C_LANGUAGE_STANDARD = gnu17;
				GENERATE_INFOPLIST_FILE = YES;
				INFOPLIST_FILE = weightMateWidget/Info.plist;
				INFOPLIST_KEY_CFBundleDisplayName = weightMateWidget;
				INFOPLIST_KEY_NSHumanReadableCopyright = "";
				IPHONEOS_DEPLOYMENT_TARGET = 17.2;
				LD_RUNPATH_SEARCH_PATHS = (
					"$(inherited)",
					"@executable_path/Frameworks",
					"@executable_path/../../Frameworks",
				);
				LOCALIZATION_PREFERS_STRING_CATALOGS = YES;
				MARKETING_VERSION = 1.0;
				MTL_FAST_MATH = YES;
				PRODUCT_BUNDLE_IDENTIFIER = com.kthdd.weightMate.weightMateWidget;
				PRODUCT_NAME = "$(TARGET_NAME)";
				SKIP_INSTALL = YES;
				SWIFT_EMIT_LOC_STRINGS = YES;
				SWIFT_VERSION = 5.0;
				TARGETED_DEVICE_FAMILY = "1,2";
			};
			name = Release;
		};
		D3E8A3682B91C2C4008184DD /* Profile */ = {
			isa = XCBuildConfiguration;
			buildSettings = {
				ASSETCATALOG_COMPILER_GENERATE_SWIFT_ASSET_SYMBOL_EXTENSIONS = YES;
				ASSETCATALOG_COMPILER_GLOBAL_ACCENT_COLOR_NAME = AccentColor;
				ASSETCATALOG_COMPILER_WIDGET_BACKGROUND_COLOR_NAME = WidgetBackground;
				CLANG_ANALYZER_NUMBER_OBJECT_CONVERSION = YES_AGGRESSIVE;
				CLANG_CXX_LANGUAGE_STANDARD = "gnu++20";
				CLANG_ENABLE_OBJC_WEAK = YES;
				CLANG_WARN_DOCUMENTATION_COMMENTS = YES;
				CLANG_WARN_QUOTED_INCLUDE_IN_FRAMEWORK_HEADER = YES;
				CLANG_WARN_UNGUARDED_AVAILABILITY = YES_AGGRESSIVE;
				CODE_SIGN_ENTITLEMENTS = weightMateWidgetExtension.entitlements;
				CODE_SIGN_IDENTITY = "Apple Development";
				CODE_SIGN_STYLE = Automatic;
				CURRENT_PROJECT_VERSION = 1;
				DEVELOPMENT_TEAM = WLJ373955X;
				ENABLE_USER_SCRIPT_SANDBOXING = YES;
				GCC_C_LANGUAGE_STANDARD = gnu17;
				GENERATE_INFOPLIST_FILE = YES;
				INFOPLIST_FILE = weightMateWidget/Info.plist;
				INFOPLIST_KEY_CFBundleDisplayName = weightMateWidget;
				INFOPLIST_KEY_NSHumanReadableCopyright = "";
				IPHONEOS_DEPLOYMENT_TARGET = 17.2;
				LD_RUNPATH_SEARCH_PATHS = (
					"$(inherited)",
					"@executable_path/Frameworks",
					"@executable_path/../../Frameworks",
				);
				LOCALIZATION_PREFERS_STRING_CATALOGS = YES;
				MARKETING_VERSION = 1.0;
				MTL_FAST_MATH = YES;
				PRODUCT_BUNDLE_IDENTIFIER = com.kthdd.weightMate.weightMateWidget;
				PRODUCT_NAME = "$(TARGET_NAME)";
				SKIP_INSTALL = YES;
				SWIFT_EMIT_LOC_STRINGS = YES;
				SWIFT_VERSION = 5.0;
				TARGETED_DEVICE_FAMILY = "1,2";
			};
			name = Profile;
		};
/* End XCBuildConfiguration section */

/* Begin XCConfigurationList section */
		97C146E91CF9000F007C117D /* Build configuration list for PBXProject "Runner" */ = {
			isa = XCConfigurationList;
			buildConfigurations = (
				97C147031CF9000F007C117D /* Debug */,
				97C147041CF9000F007C117D /* Release */,
				249021D3217E4FDB00AE95B9 /* Profile */,
			);
			defaultConfigurationIsVisible = 0;
			defaultConfigurationName = Release;
		};
		97C147051CF9000F007C117D /* Build configuration list for PBXNativeTarget "Runner" */ = {
			isa = XCConfigurationList;
			buildConfigurations = (
				97C147061CF9000F007C117D /* Debug */,
				97C147071CF9000F007C117D /* Release */,
				249021D4217E4FDB00AE95B9 /* Profile */,
			);
			defaultConfigurationIsVisible = 0;
			defaultConfigurationName = Release;
		};
		D35D70472B92F94A00F9C455 /* Build configuration list for PBXNativeTarget "todoWidgetExtension" */ = {
			isa = XCConfigurationList;
			buildConfigurations = (
				D35D70442B92F94A00F9C455 /* Debug */,
				D35D70452B92F94A00F9C455 /* Release */,
				D35D70462B92F94A00F9C455 /* Profile */,
			);
			defaultConfigurationIsVisible = 0;
			defaultConfigurationName = Release;
		};
		D35D70872B959F4200F9C455 /* Build configuration list for PBXNativeTarget "GoalWidgetExtension" */ = {
			isa = XCConfigurationList;
			buildConfigurations = (
				D35D70882B959F4200F9C455 /* Debug */,
				D35D70892B959F4200F9C455 /* Release */,
				D35D708A2B959F4200F9C455 /* Profile */,
			);
			defaultConfigurationIsVisible = 0;
			defaultConfigurationName = Release;
		};
		D3E8A3652B91C2C4008184DD /* Build configuration list for PBXNativeTarget "weightMateWidgetExtension" */ = {
			isa = XCConfigurationList;
			buildConfigurations = (
				D3E8A3662B91C2C4008184DD /* Debug */,
				D3E8A3672B91C2C4008184DD /* Release */,
				D3E8A3682B91C2C4008184DD /* Profile */,
			);
			defaultConfigurationIsVisible = 0;
			defaultConfigurationName = Release;
		};
/* End XCConfigurationList section */
	};
	rootObject = 97C146E61CF9000F007C117D /* Project object */;
}
